
Microsoft Visual Studio Solution File, Format Version 12.00
# Visual Studio Version 17
VisualStudioVersion = 17.1.32203.90
MinimumVisualStudioVersion = 10.0.40219.1
Project("{9A19103F-16F7-4668-BE54-9A1E7A4F7556}") = "No1.GenericTypeAllowNull", "No1.GenericTypeAllowNull\No1.GenericTypeAllowNull.csproj", "{1F7F35D1-F5CE-4092-97C8-546E80A6C14C}"
EndProject
Project("{2150E333-8FDC-42A3-9474-1A3956D46DE8}") = "WinForms", "WinForms", "{975AF992-8235-4474-ACC8-BB2D2A9E244B}"
EndProject
Project("{2150E333-8FDC-42A3-9474-1A3956D46DE8}") = "1.DesignControlLayout", "1.DesignControlLayout", "{17625D2F-EBBD-4879-9390-5E1E4494D43A}"
EndProject
Project("{9A19103F-16F7-4668-BE54-9A1E7A4F7556}") = "sample", "WinForms\1.DesignControlLayout\sample\sample.csproj", "{D7B45187-4624-48EC-8F01-EA044947F928}"
EndProject
Project("{2150E333-8FDC-42A3-9474-1A3956D46DE8}") = "2.DynamicLinkedLibrary", "2.DynamicLinkedLibrary", "{5D4BCC1A-6574-468B-9B3E-F45FFE05A642}"
EndProject
Project("{2150E333-8FDC-42A3-9474-1A3956D46DE8}") = "ConsoleSample", "ConsoleSample", "{00AC5399-C198-4E47-BAEB-55519FD50091}"
EndProject
Project("{2150E333-8FDC-42A3-9474-1A3956D46DE8}") = "WinFormsSample", "WinFormsSample", "{900D9E5D-986A-498A-AE33-D974E6219467}"
EndProject
Project("{9A19103F-16F7-4668-BE54-9A1E7A4F7556}") = "ConsoleSample", "WinForms\2.DynamicLinkedLibrary\ConsoleSample\ConsoleSample\ConsoleSample.csproj", "{DCBA344C-AA3C-4AFC-B325-071331E25F3A}"
EndProject
Project("{9A19103F-16F7-4668-BE54-9A1E7A4F7556}") = "AMotorDriver", "WinForms\2.DynamicLinkedLibrary\ConsoleSample\AMotorDriver\AMotorDriver.csproj", "{665B9BEB-3EB0-4C39-A8A9-8B992CA34229}"
EndProject
Project("{9A19103F-16F7-4668-BE54-9A1E7A4F7556}") = "BMotorDriver", "WinForms\2.DynamicLinkedLibrary\ConsoleSample\BMotorDriver\BMotorDriver.csproj", "{F352512F-46A6-4667-B647-72574F0F2BA2}"
EndProject
Project("{9A19103F-16F7-4668-BE54-9A1E7A4F7556}") = "MotorDriver", "WinForms\2.DynamicLinkedLibrary\ConsoleSample\MotorDriver\MotorDriver.csproj", "{44A75220-7D56-4022-B160-FE3F185C6B00}"
EndProject
Project("{9A19103F-16F7-4668-BE54-9A1E7A4F7556}") = "AMotorDriver", "WinForms\2.DynamicLinkedLibrary\WinFormsSample\AMotorDriver\AMotorDriver.csproj", "{7CCCC7E3-0981-43FB-8FA6-9FA72F4B1C04}"
EndProject
Project("{9A19103F-16F7-4668-BE54-9A1E7A4F7556}") = "BMotorDriver", "WinForms\2.DynamicLinkedLibrary\WinFormsSample\BMotorDriver\BMotorDriver.csproj", "{6677A0AB-BE32-49EC-89B0-7AB9D3566613}"
EndProject
Project("{9A19103F-16F7-4668-BE54-9A1E7A4F7556}") = "MotorDriver", "WinForms\2.DynamicLinkedLibrary\WinFormsSample\MotorDriver\MotorDriver.csproj", "{FD732D6A-82C3-47B1-B132-4959B3613122}"
EndProject
Project("{9A19103F-16F7-4668-BE54-9A1E7A4F7556}") = "WinFormsSample", "WinForms\2.DynamicLinkedLibrary\WinFormsSample\WinFormsSample\WinFormsSample.csproj", "{017797A2-EB92-40C2-9CD6-3741F4E5F8D7}"
EndProject
Project("{2150E333-8FDC-42A3-9474-1A3956D46DE8}") = "3.LetsUseGDIPlus", "3.LetsUseGDIPlus", "{71C5E393-621A-48FF-ADF4-0D166BE7BC17}"
EndProject
Project("{9A19103F-16F7-4668-BE54-9A1E7A4F7556}") = "GDIPlusSample", "WinForms\3.LetsUseGDIPlus\sample\GDIPlusSample\GDIPlusSample\GDIPlusSample.csproj", "{78500DDD-A93A-420A-AAF2-0111FA9E1623}"
EndProject
Project("{2150E333-8FDC-42A3-9474-1A3956D46DE8}") = "4.Localizing", "4.Localizing", "{59D638C4-B812-4C41-988B-1D2404A7CD3E}"
EndProject
Project("{9A19103F-16F7-4668-BE54-9A1E7A4F7556}") = "sample", "WinForms\4.Localizing\sample\sample.csproj", "{D20B7269-37D7-4077-9CE9-DE9BD9B8AD70}"
EndProject
Project("{9A19103F-16F7-4668-BE54-9A1E7A4F7556}") = "No2.CS11_Check", "No2.CS11_Check\No2.CS11_Check.csproj", "{F81D556F-A7C5-4597-AA17-33F4ECC0AE54}"
EndProject
Project("{2150E333-8FDC-42A3-9474-1A3956D46DE8}") = "5.Customizing", "5.Customizing", "{D7B69A69-B075-43AE-AB2D-18D55AEA3678}"
EndProject
Project("{9A19103F-16F7-4668-BE54-9A1E7A4F7556}") = "CustomizingControlSample", "WinForms\5.Customizing\CustomizingControlSample\CustomizingControlSample\CustomizingControlSample.csproj", "{BCD392AF-60DE-4696-A92A-A4B874BC253D}"
EndProject
Project("{2150E333-8FDC-42A3-9474-1A3956D46DE8}") = "QnA", "QnA", "{3B5B84BC-77A3-4B15-A4BA-9F41E465A282}"
EndProject
Project("{9A19103F-16F7-4668-BE54-9A1E7A4F7556}") = "DotnetDevConsoleQnA", "DotnetDevQnA\DotnetDevConsoleQnA.csproj", "{E9C822AC-CA92-4BAD-878B-F81FBDC9CCA4}"
EndProject
Project("{2150E333-8FDC-42A3-9474-1A3956D46DE8}") = "6.DataGridPerformance", "6.DataGridPerformance", "{A138CE6E-3CD5-4078-89CE-1EA4981AED76}"
EndProject
Project("{2150E333-8FDC-42A3-9474-1A3956D46DE8}") = "No3.EnumGenerator", "No3.EnumGenerator", "{1679CD6A-3073-4839-B077-2E122489BD4B}"
EndProject
Project("{9A19103F-16F7-4668-BE54-9A1E7A4F7556}") = "Dimohysm.AutoGen", "No3.EnumGenerator\Dimohysm.AutoGen\Dimohysm.AutoGen.csproj", "{8C3375F3-F0FC-4A68-84A8-60F888AD131B}"
EndProject
Project("{9A19103F-16F7-4668-BE54-9A1E7A4F7556}") = "Dimohysm.AutoGen.Test", "No3.EnumGenerator\Dimohysm.AutoGen.Test\Dimohysm.AutoGen.Test.csproj", "{F884BF5D-9AB4-40AF-9D6A-8D11F86A4B4A}"
EndProject
Project("{9A19103F-16F7-4668-BE54-9A1E7A4F7556}") = "DataGridPerformance", "WinForms\6. DataGridPerformance\DataGridPerformance\DataGridPerformance.csproj", "{5F0DE47F-41F6-474D-8999-76352A2FB434}"
EndProject
Project("{9A19103F-16F7-4668-BE54-9A1E7A4F7556}") = "DotnetDevWinFormsQnA", "DotnetDevWinFormsQnA\DotnetDevWinFormsQnA.csproj", "{5008F1D6-D6BE-49D5-A86E-AEE49CAA9C91}"
EndProject
Project("{9A19103F-16F7-4668-BE54-9A1E7A4F7556}") = "QuizBenchmark", "QuizBenchmark\QuizBenchmark.csproj", "{5A837C2F-E133-46CE-B30E-29E941F70979}"
EndProject
Project("{9A19103F-16F7-4668-BE54-9A1E7A4F7556}") = "No4.TaskCompletionSource", "No4.TaskCompletionSource\No4.TaskCompletionSource.csproj", "{2D0B25F7-B3A4-423F-9115-E9F854DAF252}"
EndProject
Project("{9A19103F-16F7-4668-BE54-9A1E7A4F7556}") = "No5.StringBuilderHelper", "No5.StringBuilderHelper\No5.StringBuilderHelper.csproj", "{949A463D-A30B-4996-B526-8BDCAE43858E}"
EndProject
Project("{9A19103F-16F7-4668-BE54-9A1E7A4F7556}") = "WpfFileDownloader", "QnA\WpfFileDownloader\WpfFileDownloader.csproj", "{ACD1C500-FF39-41C9-8FF7-600549D9443B}"
EndProject
Project("{9A19103F-16F7-4668-BE54-9A1E7A4F7556}") = "FontFamily", "QnA\FontFamily\FontFamily.csproj", "{BDEEA9CC-323E-4247-947D-B5DA504EF2B0}"
EndProject
Project("{9A19103F-16F7-4668-BE54-9A1E7A4F7556}") = "No6.Stowage", "No6.Stowage\No6.Stowage.csproj", "{54BF58D0-8966-4BDC-B473-82F53D09B7BA}"
EndProject
Project("{9A19103F-16F7-4668-BE54-9A1E7A4F7556}") = "WpfKeyDownEventMVVM", "QnA\WpfKeyDownEventMVVM\WpfKeyDownEventMVVM.csproj", "{A07F983B-3722-4794-BD7A-7E44ADE18373}"
EndProject
Project("{9A19103F-16F7-4668-BE54-9A1E7A4F7556}") = "No7.ComposableDelegate", "No7.ComposableDelegate\No7.ComposableDelegate.csproj", "{6D601533-C855-47BD-8FE0-B0E22CEAD99E}"
EndProject
Project("{9A19103F-16F7-4668-BE54-9A1E7A4F7556}") = "No8.WinUI3PhotoViewer", "No8.WinUI3PhotoViewer\No8.WinUI3PhotoViewer.csproj", "{B4F1AF23-AED0-4B5A-8032-1C4EF6C82505}"
EndProject
Project("{9A19103F-16F7-4668-BE54-9A1E7A4F7556}") = "UserPage", "QnA\UserPage\UserPage.csproj", "{9A3C1832-3E97-48E8-A835-2DCD745FDC4C}"
EndProject
Project("{2150E333-8FDC-42A3-9474-1A3956D46DE8}") = "WinUI3", "WinUI3", "{B9DE591A-6D33-4343-95EB-FC6B3AAEBA2E}"
EndProject
Project("{9A19103F-16F7-4668-BE54-9A1E7A4F7556}") = "WinUI3UnpackagedWinProcTest", "WinUI3\WinUI3UnpackagedWinProcTest\WinUI3UnpackagedWinProcTest.csproj", "{70A817DC-B7B2-4419-AC5E-ACCA43BC04CF}"
EndProject
Project("{9A19103F-16F7-4668-BE54-9A1E7A4F7556}") = "WpfTabItemHidden", "QnA\WpfTabItemHidden\WpfTabItemHidden.csproj", "{D0B2E649-7365-4C16-8025-107D507A32D5}"
EndProject
Project("{2150E333-8FDC-42A3-9474-1A3956D46DE8}") = "No9.CSharpCodeRunner", "No9.CSharpCodeRunner", "{7C9E9F16-C3C3-4C43-82DC-E456B42C6943}"
EndProject
Project("{9A19103F-16F7-4668-BE54-9A1E7A4F7556}") = "No9.CSharpCodeRunner.Client", "No9.CSharpCodeRunner\Client\No9.CSharpCodeRunner.Client.csproj", "{946596C6-4C6B-4FCD-81E9-B7F4BDBB1B9E}"
EndProject
Project("{9A19103F-16F7-4668-BE54-9A1E7A4F7556}") = "No9.CSharpCodeRunner.Server", "No9.CSharpCodeRunner\Server\No9.CSharpCodeRunner.Server.csproj", "{F8D89726-71BE-4A28-9E4E-F4DA4D61B63D}"
EndProject
Project("{9A19103F-16F7-4668-BE54-9A1E7A4F7556}") = "No9.CSharpCodeRunner.Shared", "No9.CSharpCodeRunner\Shared\No9.CSharpCodeRunner.Shared.csproj", "{0FC666F7-1C50-4174-B438-3763EF7FADB8}"
EndProject
Project("{9A19103F-16F7-4668-BE54-9A1E7A4F7556}") = "WpfSelectedTwoFilter", "QnA\WpfSelectedTwoFilter\WpfSelectedTwoFilter.csproj", "{5D5C64E2-1930-4206-AB11-15438C4D1735}"
EndProject
Project("{9A19103F-16F7-4668-BE54-9A1E7A4F7556}") = "No10.MQTTnetTest", "No10.MQTTnetTest\No10.MQTTnetTest.csproj", "{E9A38FBF-EBC2-4DDD-BCC6-B361731F1E76}"
EndProject
Project("{9A19103F-16F7-4668-BE54-9A1E7A4F7556}") = "WpfCaptureScreen", "QnA\WpfCaptureScreen\WpfCaptureScreen.csproj", "{B924575F-4181-451A-81DB-FFA7AA9FC194}"
EndProject
Project("{9A19103F-16F7-4668-BE54-9A1E7A4F7556}") = "WinFormsMouseCapture", "QnA\WinFormsMouseCapture\WinFormsMouseCapture.csproj", "{71B412D9-C88A-42D7-BF7C-43E79600F1C4}"
EndProject
Project("{FAE04EC0-301F-11D3-BF4B-00C04F79EFBC}") = "No11.ExpandoObject", "No11.ExpandoObject\No11.ExpandoObject.csproj", "{E5F03A61-CCB3-4CA2-B8B4-43ABCBA618E6}"
EndProject
Project("{FAE04EC0-301F-11D3-BF4B-00C04F79EFBC}") = "No12.WpfBindingExpandoObject", "No12.WpfBindingExpandoObject\No12.WpfBindingExpandoObject.csproj", "{B850E774-2C4B-4AF0-889D-C12614B354D7}"
EndProject
Global
	GlobalSection(SolutionConfigurationPlatforms) = preSolution
		Debug|Any CPU = Debug|Any CPU
		Debug|arm64 = Debug|arm64
		Debug|x64 = Debug|x64
		Debug|x86 = Debug|x86
		Release|Any CPU = Release|Any CPU
		Release|arm64 = Release|arm64
		Release|x64 = Release|x64
		Release|x86 = Release|x86
	EndGlobalSection
	GlobalSection(ProjectConfigurationPlatforms) = postSolution
		{1F7F35D1-F5CE-4092-97C8-546E80A6C14C}.Debug|Any CPU.ActiveCfg = Debug|Any CPU
		{1F7F35D1-F5CE-4092-97C8-546E80A6C14C}.Debug|Any CPU.Build.0 = Debug|Any CPU
		{1F7F35D1-F5CE-4092-97C8-546E80A6C14C}.Debug|arm64.ActiveCfg = Debug|Any CPU
		{1F7F35D1-F5CE-4092-97C8-546E80A6C14C}.Debug|arm64.Build.0 = Debug|Any CPU
		{1F7F35D1-F5CE-4092-97C8-546E80A6C14C}.Debug|x64.ActiveCfg = Debug|Any CPU
		{1F7F35D1-F5CE-4092-97C8-546E80A6C14C}.Debug|x64.Build.0 = Debug|Any CPU
		{1F7F35D1-F5CE-4092-97C8-546E80A6C14C}.Debug|x86.ActiveCfg = Debug|Any CPU
		{1F7F35D1-F5CE-4092-97C8-546E80A6C14C}.Debug|x86.Build.0 = Debug|Any CPU
		{1F7F35D1-F5CE-4092-97C8-546E80A6C14C}.Release|Any CPU.ActiveCfg = Release|Any CPU
		{1F7F35D1-F5CE-4092-97C8-546E80A6C14C}.Release|Any CPU.Build.0 = Release|Any CPU
		{1F7F35D1-F5CE-4092-97C8-546E80A6C14C}.Release|arm64.ActiveCfg = Release|Any CPU
		{1F7F35D1-F5CE-4092-97C8-546E80A6C14C}.Release|arm64.Build.0 = Release|Any CPU
		{1F7F35D1-F5CE-4092-97C8-546E80A6C14C}.Release|x64.ActiveCfg = Release|Any CPU
		{1F7F35D1-F5CE-4092-97C8-546E80A6C14C}.Release|x64.Build.0 = Release|Any CPU
		{1F7F35D1-F5CE-4092-97C8-546E80A6C14C}.Release|x86.ActiveCfg = Release|Any CPU
		{1F7F35D1-F5CE-4092-97C8-546E80A6C14C}.Release|x86.Build.0 = Release|Any CPU
		{D7B45187-4624-48EC-8F01-EA044947F928}.Debug|Any CPU.ActiveCfg = Debug|Any CPU
		{D7B45187-4624-48EC-8F01-EA044947F928}.Debug|Any CPU.Build.0 = Debug|Any CPU
		{D7B45187-4624-48EC-8F01-EA044947F928}.Debug|arm64.ActiveCfg = Debug|Any CPU
		{D7B45187-4624-48EC-8F01-EA044947F928}.Debug|arm64.Build.0 = Debug|Any CPU
		{D7B45187-4624-48EC-8F01-EA044947F928}.Debug|x64.ActiveCfg = Debug|Any CPU
		{D7B45187-4624-48EC-8F01-EA044947F928}.Debug|x64.Build.0 = Debug|Any CPU
		{D7B45187-4624-48EC-8F01-EA044947F928}.Debug|x86.ActiveCfg = Debug|Any CPU
		{D7B45187-4624-48EC-8F01-EA044947F928}.Debug|x86.Build.0 = Debug|Any CPU
		{D7B45187-4624-48EC-8F01-EA044947F928}.Release|Any CPU.ActiveCfg = Release|Any CPU
		{D7B45187-4624-48EC-8F01-EA044947F928}.Release|Any CPU.Build.0 = Release|Any CPU
		{D7B45187-4624-48EC-8F01-EA044947F928}.Release|arm64.ActiveCfg = Release|Any CPU
		{D7B45187-4624-48EC-8F01-EA044947F928}.Release|arm64.Build.0 = Release|Any CPU
		{D7B45187-4624-48EC-8F01-EA044947F928}.Release|x64.ActiveCfg = Release|Any CPU
		{D7B45187-4624-48EC-8F01-EA044947F928}.Release|x64.Build.0 = Release|Any CPU
		{D7B45187-4624-48EC-8F01-EA044947F928}.Release|x86.ActiveCfg = Release|Any CPU
		{D7B45187-4624-48EC-8F01-EA044947F928}.Release|x86.Build.0 = Release|Any CPU
		{DCBA344C-AA3C-4AFC-B325-071331E25F3A}.Debug|Any CPU.ActiveCfg = Debug|Any CPU
		{DCBA344C-AA3C-4AFC-B325-071331E25F3A}.Debug|Any CPU.Build.0 = Debug|Any CPU
		{DCBA344C-AA3C-4AFC-B325-071331E25F3A}.Debug|arm64.ActiveCfg = Debug|Any CPU
		{DCBA344C-AA3C-4AFC-B325-071331E25F3A}.Debug|arm64.Build.0 = Debug|Any CPU
		{DCBA344C-AA3C-4AFC-B325-071331E25F3A}.Debug|x64.ActiveCfg = Debug|Any CPU
		{DCBA344C-AA3C-4AFC-B325-071331E25F3A}.Debug|x64.Build.0 = Debug|Any CPU
		{DCBA344C-AA3C-4AFC-B325-071331E25F3A}.Debug|x86.ActiveCfg = Debug|Any CPU
		{DCBA344C-AA3C-4AFC-B325-071331E25F3A}.Debug|x86.Build.0 = Debug|Any CPU
		{DCBA344C-AA3C-4AFC-B325-071331E25F3A}.Release|Any CPU.ActiveCfg = Release|Any CPU
		{DCBA344C-AA3C-4AFC-B325-071331E25F3A}.Release|Any CPU.Build.0 = Release|Any CPU
		{DCBA344C-AA3C-4AFC-B325-071331E25F3A}.Release|arm64.ActiveCfg = Release|Any CPU
		{DCBA344C-AA3C-4AFC-B325-071331E25F3A}.Release|arm64.Build.0 = Release|Any CPU
		{DCBA344C-AA3C-4AFC-B325-071331E25F3A}.Release|x64.ActiveCfg = Release|Any CPU
		{DCBA344C-AA3C-4AFC-B325-071331E25F3A}.Release|x64.Build.0 = Release|Any CPU
		{DCBA344C-AA3C-4AFC-B325-071331E25F3A}.Release|x86.ActiveCfg = Release|Any CPU
		{DCBA344C-AA3C-4AFC-B325-071331E25F3A}.Release|x86.Build.0 = Release|Any CPU
		{665B9BEB-3EB0-4C39-A8A9-8B992CA34229}.Debug|Any CPU.ActiveCfg = Debug|Any CPU
		{665B9BEB-3EB0-4C39-A8A9-8B992CA34229}.Debug|Any CPU.Build.0 = Debug|Any CPU
		{665B9BEB-3EB0-4C39-A8A9-8B992CA34229}.Debug|arm64.ActiveCfg = Debug|Any CPU
		{665B9BEB-3EB0-4C39-A8A9-8B992CA34229}.Debug|arm64.Build.0 = Debug|Any CPU
		{665B9BEB-3EB0-4C39-A8A9-8B992CA34229}.Debug|x64.ActiveCfg = Debug|Any CPU
		{665B9BEB-3EB0-4C39-A8A9-8B992CA34229}.Debug|x64.Build.0 = Debug|Any CPU
		{665B9BEB-3EB0-4C39-A8A9-8B992CA34229}.Debug|x86.ActiveCfg = Debug|Any CPU
		{665B9BEB-3EB0-4C39-A8A9-8B992CA34229}.Debug|x86.Build.0 = Debug|Any CPU
		{665B9BEB-3EB0-4C39-A8A9-8B992CA34229}.Release|Any CPU.ActiveCfg = Release|Any CPU
		{665B9BEB-3EB0-4C39-A8A9-8B992CA34229}.Release|Any CPU.Build.0 = Release|Any CPU
		{665B9BEB-3EB0-4C39-A8A9-8B992CA34229}.Release|arm64.ActiveCfg = Release|Any CPU
		{665B9BEB-3EB0-4C39-A8A9-8B992CA34229}.Release|arm64.Build.0 = Release|Any CPU
		{665B9BEB-3EB0-4C39-A8A9-8B992CA34229}.Release|x64.ActiveCfg = Release|Any CPU
		{665B9BEB-3EB0-4C39-A8A9-8B992CA34229}.Release|x64.Build.0 = Release|Any CPU
		{665B9BEB-3EB0-4C39-A8A9-8B992CA34229}.Release|x86.ActiveCfg = Release|Any CPU
		{665B9BEB-3EB0-4C39-A8A9-8B992CA34229}.Release|x86.Build.0 = Release|Any CPU
		{F352512F-46A6-4667-B647-72574F0F2BA2}.Debug|Any CPU.ActiveCfg = Debug|Any CPU
		{F352512F-46A6-4667-B647-72574F0F2BA2}.Debug|Any CPU.Build.0 = Debug|Any CPU
		{F352512F-46A6-4667-B647-72574F0F2BA2}.Debug|arm64.ActiveCfg = Debug|Any CPU
		{F352512F-46A6-4667-B647-72574F0F2BA2}.Debug|arm64.Build.0 = Debug|Any CPU
		{F352512F-46A6-4667-B647-72574F0F2BA2}.Debug|x64.ActiveCfg = Debug|Any CPU
		{F352512F-46A6-4667-B647-72574F0F2BA2}.Debug|x64.Build.0 = Debug|Any CPU
		{F352512F-46A6-4667-B647-72574F0F2BA2}.Debug|x86.ActiveCfg = Debug|Any CPU
		{F352512F-46A6-4667-B647-72574F0F2BA2}.Debug|x86.Build.0 = Debug|Any CPU
		{F352512F-46A6-4667-B647-72574F0F2BA2}.Release|Any CPU.ActiveCfg = Release|Any CPU
		{F352512F-46A6-4667-B647-72574F0F2BA2}.Release|Any CPU.Build.0 = Release|Any CPU
		{F352512F-46A6-4667-B647-72574F0F2BA2}.Release|arm64.ActiveCfg = Release|Any CPU
		{F352512F-46A6-4667-B647-72574F0F2BA2}.Release|arm64.Build.0 = Release|Any CPU
		{F352512F-46A6-4667-B647-72574F0F2BA2}.Release|x64.ActiveCfg = Release|Any CPU
		{F352512F-46A6-4667-B647-72574F0F2BA2}.Release|x64.Build.0 = Release|Any CPU
		{F352512F-46A6-4667-B647-72574F0F2BA2}.Release|x86.ActiveCfg = Release|Any CPU
		{F352512F-46A6-4667-B647-72574F0F2BA2}.Release|x86.Build.0 = Release|Any CPU
		{44A75220-7D56-4022-B160-FE3F185C6B00}.Debug|Any CPU.ActiveCfg = Debug|Any CPU
		{44A75220-7D56-4022-B160-FE3F185C6B00}.Debug|Any CPU.Build.0 = Debug|Any CPU
		{44A75220-7D56-4022-B160-FE3F185C6B00}.Debug|arm64.ActiveCfg = Debug|Any CPU
		{44A75220-7D56-4022-B160-FE3F185C6B00}.Debug|arm64.Build.0 = Debug|Any CPU
		{44A75220-7D56-4022-B160-FE3F185C6B00}.Debug|x64.ActiveCfg = Debug|Any CPU
		{44A75220-7D56-4022-B160-FE3F185C6B00}.Debug|x64.Build.0 = Debug|Any CPU
		{44A75220-7D56-4022-B160-FE3F185C6B00}.Debug|x86.ActiveCfg = Debug|Any CPU
		{44A75220-7D56-4022-B160-FE3F185C6B00}.Debug|x86.Build.0 = Debug|Any CPU
		{44A75220-7D56-4022-B160-FE3F185C6B00}.Release|Any CPU.ActiveCfg = Release|Any CPU
		{44A75220-7D56-4022-B160-FE3F185C6B00}.Release|Any CPU.Build.0 = Release|Any CPU
		{44A75220-7D56-4022-B160-FE3F185C6B00}.Release|arm64.ActiveCfg = Release|Any CPU
		{44A75220-7D56-4022-B160-FE3F185C6B00}.Release|arm64.Build.0 = Release|Any CPU
		{44A75220-7D56-4022-B160-FE3F185C6B00}.Release|x64.ActiveCfg = Release|Any CPU
		{44A75220-7D56-4022-B160-FE3F185C6B00}.Release|x64.Build.0 = Release|Any CPU
		{44A75220-7D56-4022-B160-FE3F185C6B00}.Release|x86.ActiveCfg = Release|Any CPU
		{44A75220-7D56-4022-B160-FE3F185C6B00}.Release|x86.Build.0 = Release|Any CPU
		{7CCCC7E3-0981-43FB-8FA6-9FA72F4B1C04}.Debug|Any CPU.ActiveCfg = Debug|Any CPU
		{7CCCC7E3-0981-43FB-8FA6-9FA72F4B1C04}.Debug|Any CPU.Build.0 = Debug|Any CPU
		{7CCCC7E3-0981-43FB-8FA6-9FA72F4B1C04}.Debug|arm64.ActiveCfg = Debug|Any CPU
		{7CCCC7E3-0981-43FB-8FA6-9FA72F4B1C04}.Debug|arm64.Build.0 = Debug|Any CPU
		{7CCCC7E3-0981-43FB-8FA6-9FA72F4B1C04}.Debug|x64.ActiveCfg = Debug|Any CPU
		{7CCCC7E3-0981-43FB-8FA6-9FA72F4B1C04}.Debug|x64.Build.0 = Debug|Any CPU
		{7CCCC7E3-0981-43FB-8FA6-9FA72F4B1C04}.Debug|x86.ActiveCfg = Debug|Any CPU
		{7CCCC7E3-0981-43FB-8FA6-9FA72F4B1C04}.Debug|x86.Build.0 = Debug|Any CPU
		{7CCCC7E3-0981-43FB-8FA6-9FA72F4B1C04}.Release|Any CPU.ActiveCfg = Release|Any CPU
		{7CCCC7E3-0981-43FB-8FA6-9FA72F4B1C04}.Release|Any CPU.Build.0 = Release|Any CPU
		{7CCCC7E3-0981-43FB-8FA6-9FA72F4B1C04}.Release|arm64.ActiveCfg = Release|Any CPU
		{7CCCC7E3-0981-43FB-8FA6-9FA72F4B1C04}.Release|arm64.Build.0 = Release|Any CPU
		{7CCCC7E3-0981-43FB-8FA6-9FA72F4B1C04}.Release|x64.ActiveCfg = Release|Any CPU
		{7CCCC7E3-0981-43FB-8FA6-9FA72F4B1C04}.Release|x64.Build.0 = Release|Any CPU
		{7CCCC7E3-0981-43FB-8FA6-9FA72F4B1C04}.Release|x86.ActiveCfg = Release|Any CPU
		{7CCCC7E3-0981-43FB-8FA6-9FA72F4B1C04}.Release|x86.Build.0 = Release|Any CPU
		{6677A0AB-BE32-49EC-89B0-7AB9D3566613}.Debug|Any CPU.ActiveCfg = Debug|Any CPU
		{6677A0AB-BE32-49EC-89B0-7AB9D3566613}.Debug|Any CPU.Build.0 = Debug|Any CPU
		{6677A0AB-BE32-49EC-89B0-7AB9D3566613}.Debug|arm64.ActiveCfg = Debug|Any CPU
		{6677A0AB-BE32-49EC-89B0-7AB9D3566613}.Debug|arm64.Build.0 = Debug|Any CPU
		{6677A0AB-BE32-49EC-89B0-7AB9D3566613}.Debug|x64.ActiveCfg = Debug|Any CPU
		{6677A0AB-BE32-49EC-89B0-7AB9D3566613}.Debug|x64.Build.0 = Debug|Any CPU
		{6677A0AB-BE32-49EC-89B0-7AB9D3566613}.Debug|x86.ActiveCfg = Debug|Any CPU
		{6677A0AB-BE32-49EC-89B0-7AB9D3566613}.Debug|x86.Build.0 = Debug|Any CPU
		{6677A0AB-BE32-49EC-89B0-7AB9D3566613}.Release|Any CPU.ActiveCfg = Release|Any CPU
		{6677A0AB-BE32-49EC-89B0-7AB9D3566613}.Release|Any CPU.Build.0 = Release|Any CPU
		{6677A0AB-BE32-49EC-89B0-7AB9D3566613}.Release|arm64.ActiveCfg = Release|Any CPU
		{6677A0AB-BE32-49EC-89B0-7AB9D3566613}.Release|arm64.Build.0 = Release|Any CPU
		{6677A0AB-BE32-49EC-89B0-7AB9D3566613}.Release|x64.ActiveCfg = Release|Any CPU
		{6677A0AB-BE32-49EC-89B0-7AB9D3566613}.Release|x64.Build.0 = Release|Any CPU
		{6677A0AB-BE32-49EC-89B0-7AB9D3566613}.Release|x86.ActiveCfg = Release|Any CPU
		{6677A0AB-BE32-49EC-89B0-7AB9D3566613}.Release|x86.Build.0 = Release|Any CPU
		{FD732D6A-82C3-47B1-B132-4959B3613122}.Debug|Any CPU.ActiveCfg = Debug|Any CPU
		{FD732D6A-82C3-47B1-B132-4959B3613122}.Debug|Any CPU.Build.0 = Debug|Any CPU
		{FD732D6A-82C3-47B1-B132-4959B3613122}.Debug|arm64.ActiveCfg = Debug|Any CPU
		{FD732D6A-82C3-47B1-B132-4959B3613122}.Debug|arm64.Build.0 = Debug|Any CPU
		{FD732D6A-82C3-47B1-B132-4959B3613122}.Debug|x64.ActiveCfg = Debug|Any CPU
		{FD732D6A-82C3-47B1-B132-4959B3613122}.Debug|x64.Build.0 = Debug|Any CPU
		{FD732D6A-82C3-47B1-B132-4959B3613122}.Debug|x86.ActiveCfg = Debug|Any CPU
		{FD732D6A-82C3-47B1-B132-4959B3613122}.Debug|x86.Build.0 = Debug|Any CPU
		{FD732D6A-82C3-47B1-B132-4959B3613122}.Release|Any CPU.ActiveCfg = Release|Any CPU
		{FD732D6A-82C3-47B1-B132-4959B3613122}.Release|Any CPU.Build.0 = Release|Any CPU
		{FD732D6A-82C3-47B1-B132-4959B3613122}.Release|arm64.ActiveCfg = Release|Any CPU
		{FD732D6A-82C3-47B1-B132-4959B3613122}.Release|arm64.Build.0 = Release|Any CPU
		{FD732D6A-82C3-47B1-B132-4959B3613122}.Release|x64.ActiveCfg = Release|Any CPU
		{FD732D6A-82C3-47B1-B132-4959B3613122}.Release|x64.Build.0 = Release|Any CPU
		{FD732D6A-82C3-47B1-B132-4959B3613122}.Release|x86.ActiveCfg = Release|Any CPU
		{FD732D6A-82C3-47B1-B132-4959B3613122}.Release|x86.Build.0 = Release|Any CPU
		{017797A2-EB92-40C2-9CD6-3741F4E5F8D7}.Debug|Any CPU.ActiveCfg = Debug|Any CPU
		{017797A2-EB92-40C2-9CD6-3741F4E5F8D7}.Debug|Any CPU.Build.0 = Debug|Any CPU
		{017797A2-EB92-40C2-9CD6-3741F4E5F8D7}.Debug|arm64.ActiveCfg = Debug|Any CPU
		{017797A2-EB92-40C2-9CD6-3741F4E5F8D7}.Debug|arm64.Build.0 = Debug|Any CPU
		{017797A2-EB92-40C2-9CD6-3741F4E5F8D7}.Debug|x64.ActiveCfg = Debug|Any CPU
		{017797A2-EB92-40C2-9CD6-3741F4E5F8D7}.Debug|x64.Build.0 = Debug|Any CPU
		{017797A2-EB92-40C2-9CD6-3741F4E5F8D7}.Debug|x86.ActiveCfg = Debug|Any CPU
		{017797A2-EB92-40C2-9CD6-3741F4E5F8D7}.Debug|x86.Build.0 = Debug|Any CPU
		{017797A2-EB92-40C2-9CD6-3741F4E5F8D7}.Release|Any CPU.ActiveCfg = Release|Any CPU
		{017797A2-EB92-40C2-9CD6-3741F4E5F8D7}.Release|Any CPU.Build.0 = Release|Any CPU
		{017797A2-EB92-40C2-9CD6-3741F4E5F8D7}.Release|arm64.ActiveCfg = Release|Any CPU
		{017797A2-EB92-40C2-9CD6-3741F4E5F8D7}.Release|arm64.Build.0 = Release|Any CPU
		{017797A2-EB92-40C2-9CD6-3741F4E5F8D7}.Release|x64.ActiveCfg = Release|Any CPU
		{017797A2-EB92-40C2-9CD6-3741F4E5F8D7}.Release|x64.Build.0 = Release|Any CPU
		{017797A2-EB92-40C2-9CD6-3741F4E5F8D7}.Release|x86.ActiveCfg = Release|Any CPU
		{017797A2-EB92-40C2-9CD6-3741F4E5F8D7}.Release|x86.Build.0 = Release|Any CPU
		{78500DDD-A93A-420A-AAF2-0111FA9E1623}.Debug|Any CPU.ActiveCfg = Debug|Any CPU
		{78500DDD-A93A-420A-AAF2-0111FA9E1623}.Debug|Any CPU.Build.0 = Debug|Any CPU
		{78500DDD-A93A-420A-AAF2-0111FA9E1623}.Debug|arm64.ActiveCfg = Debug|Any CPU
		{78500DDD-A93A-420A-AAF2-0111FA9E1623}.Debug|arm64.Build.0 = Debug|Any CPU
		{78500DDD-A93A-420A-AAF2-0111FA9E1623}.Debug|x64.ActiveCfg = Debug|Any CPU
		{78500DDD-A93A-420A-AAF2-0111FA9E1623}.Debug|x64.Build.0 = Debug|Any CPU
		{78500DDD-A93A-420A-AAF2-0111FA9E1623}.Debug|x86.ActiveCfg = Debug|Any CPU
		{78500DDD-A93A-420A-AAF2-0111FA9E1623}.Debug|x86.Build.0 = Debug|Any CPU
		{78500DDD-A93A-420A-AAF2-0111FA9E1623}.Release|Any CPU.ActiveCfg = Release|Any CPU
		{78500DDD-A93A-420A-AAF2-0111FA9E1623}.Release|Any CPU.Build.0 = Release|Any CPU
		{78500DDD-A93A-420A-AAF2-0111FA9E1623}.Release|arm64.ActiveCfg = Release|Any CPU
		{78500DDD-A93A-420A-AAF2-0111FA9E1623}.Release|arm64.Build.0 = Release|Any CPU
		{78500DDD-A93A-420A-AAF2-0111FA9E1623}.Release|x64.ActiveCfg = Release|Any CPU
		{78500DDD-A93A-420A-AAF2-0111FA9E1623}.Release|x64.Build.0 = Release|Any CPU
		{78500DDD-A93A-420A-AAF2-0111FA9E1623}.Release|x86.ActiveCfg = Release|Any CPU
		{78500DDD-A93A-420A-AAF2-0111FA9E1623}.Release|x86.Build.0 = Release|Any CPU
		{D20B7269-37D7-4077-9CE9-DE9BD9B8AD70}.Debug|Any CPU.ActiveCfg = Debug|Any CPU
		{D20B7269-37D7-4077-9CE9-DE9BD9B8AD70}.Debug|Any CPU.Build.0 = Debug|Any CPU
		{D20B7269-37D7-4077-9CE9-DE9BD9B8AD70}.Debug|arm64.ActiveCfg = Debug|Any CPU
		{D20B7269-37D7-4077-9CE9-DE9BD9B8AD70}.Debug|arm64.Build.0 = Debug|Any CPU
		{D20B7269-37D7-4077-9CE9-DE9BD9B8AD70}.Debug|x64.ActiveCfg = Debug|Any CPU
		{D20B7269-37D7-4077-9CE9-DE9BD9B8AD70}.Debug|x64.Build.0 = Debug|Any CPU
		{D20B7269-37D7-4077-9CE9-DE9BD9B8AD70}.Debug|x86.ActiveCfg = Debug|Any CPU
		{D20B7269-37D7-4077-9CE9-DE9BD9B8AD70}.Debug|x86.Build.0 = Debug|Any CPU
		{D20B7269-37D7-4077-9CE9-DE9BD9B8AD70}.Release|Any CPU.ActiveCfg = Release|Any CPU
		{D20B7269-37D7-4077-9CE9-DE9BD9B8AD70}.Release|Any CPU.Build.0 = Release|Any CPU
		{D20B7269-37D7-4077-9CE9-DE9BD9B8AD70}.Release|arm64.ActiveCfg = Release|Any CPU
		{D20B7269-37D7-4077-9CE9-DE9BD9B8AD70}.Release|arm64.Build.0 = Release|Any CPU
		{D20B7269-37D7-4077-9CE9-DE9BD9B8AD70}.Release|x64.ActiveCfg = Release|Any CPU
		{D20B7269-37D7-4077-9CE9-DE9BD9B8AD70}.Release|x64.Build.0 = Release|Any CPU
		{D20B7269-37D7-4077-9CE9-DE9BD9B8AD70}.Release|x86.ActiveCfg = Release|Any CPU
		{D20B7269-37D7-4077-9CE9-DE9BD9B8AD70}.Release|x86.Build.0 = Release|Any CPU
		{F81D556F-A7C5-4597-AA17-33F4ECC0AE54}.Debug|Any CPU.ActiveCfg = Debug|Any CPU
		{F81D556F-A7C5-4597-AA17-33F4ECC0AE54}.Debug|Any CPU.Build.0 = Debug|Any CPU
		{F81D556F-A7C5-4597-AA17-33F4ECC0AE54}.Debug|arm64.ActiveCfg = Debug|Any CPU
		{F81D556F-A7C5-4597-AA17-33F4ECC0AE54}.Debug|arm64.Build.0 = Debug|Any CPU
		{F81D556F-A7C5-4597-AA17-33F4ECC0AE54}.Debug|x64.ActiveCfg = Debug|Any CPU
		{F81D556F-A7C5-4597-AA17-33F4ECC0AE54}.Debug|x64.Build.0 = Debug|Any CPU
		{F81D556F-A7C5-4597-AA17-33F4ECC0AE54}.Debug|x86.ActiveCfg = Debug|Any CPU
		{F81D556F-A7C5-4597-AA17-33F4ECC0AE54}.Debug|x86.Build.0 = Debug|Any CPU
		{F81D556F-A7C5-4597-AA17-33F4ECC0AE54}.Release|Any CPU.ActiveCfg = Release|Any CPU
		{F81D556F-A7C5-4597-AA17-33F4ECC0AE54}.Release|Any CPU.Build.0 = Release|Any CPU
		{F81D556F-A7C5-4597-AA17-33F4ECC0AE54}.Release|arm64.ActiveCfg = Release|Any CPU
		{F81D556F-A7C5-4597-AA17-33F4ECC0AE54}.Release|arm64.Build.0 = Release|Any CPU
		{F81D556F-A7C5-4597-AA17-33F4ECC0AE54}.Release|x64.ActiveCfg = Release|Any CPU
		{F81D556F-A7C5-4597-AA17-33F4ECC0AE54}.Release|x64.Build.0 = Release|Any CPU
		{F81D556F-A7C5-4597-AA17-33F4ECC0AE54}.Release|x86.ActiveCfg = Release|Any CPU
		{F81D556F-A7C5-4597-AA17-33F4ECC0AE54}.Release|x86.Build.0 = Release|Any CPU
		{BCD392AF-60DE-4696-A92A-A4B874BC253D}.Debug|Any CPU.ActiveCfg = Debug|Any CPU
		{BCD392AF-60DE-4696-A92A-A4B874BC253D}.Debug|Any CPU.Build.0 = Debug|Any CPU
		{BCD392AF-60DE-4696-A92A-A4B874BC253D}.Debug|arm64.ActiveCfg = Debug|Any CPU
		{BCD392AF-60DE-4696-A92A-A4B874BC253D}.Debug|arm64.Build.0 = Debug|Any CPU
		{BCD392AF-60DE-4696-A92A-A4B874BC253D}.Debug|x64.ActiveCfg = Debug|Any CPU
		{BCD392AF-60DE-4696-A92A-A4B874BC253D}.Debug|x64.Build.0 = Debug|Any CPU
		{BCD392AF-60DE-4696-A92A-A4B874BC253D}.Debug|x86.ActiveCfg = Debug|Any CPU
		{BCD392AF-60DE-4696-A92A-A4B874BC253D}.Debug|x86.Build.0 = Debug|Any CPU
		{BCD392AF-60DE-4696-A92A-A4B874BC253D}.Release|Any CPU.ActiveCfg = Release|Any CPU
		{BCD392AF-60DE-4696-A92A-A4B874BC253D}.Release|Any CPU.Build.0 = Release|Any CPU
		{BCD392AF-60DE-4696-A92A-A4B874BC253D}.Release|arm64.ActiveCfg = Release|Any CPU
		{BCD392AF-60DE-4696-A92A-A4B874BC253D}.Release|arm64.Build.0 = Release|Any CPU
		{BCD392AF-60DE-4696-A92A-A4B874BC253D}.Release|x64.ActiveCfg = Release|Any CPU
		{BCD392AF-60DE-4696-A92A-A4B874BC253D}.Release|x64.Build.0 = Release|Any CPU
		{BCD392AF-60DE-4696-A92A-A4B874BC253D}.Release|x86.ActiveCfg = Release|Any CPU
		{BCD392AF-60DE-4696-A92A-A4B874BC253D}.Release|x86.Build.0 = Release|Any CPU
		{E9C822AC-CA92-4BAD-878B-F81FBDC9CCA4}.Debug|Any CPU.ActiveCfg = Debug|Any CPU
		{E9C822AC-CA92-4BAD-878B-F81FBDC9CCA4}.Debug|Any CPU.Build.0 = Debug|Any CPU
		{E9C822AC-CA92-4BAD-878B-F81FBDC9CCA4}.Debug|arm64.ActiveCfg = Debug|Any CPU
		{E9C822AC-CA92-4BAD-878B-F81FBDC9CCA4}.Debug|arm64.Build.0 = Debug|Any CPU
		{E9C822AC-CA92-4BAD-878B-F81FBDC9CCA4}.Debug|x64.ActiveCfg = Debug|Any CPU
		{E9C822AC-CA92-4BAD-878B-F81FBDC9CCA4}.Debug|x64.Build.0 = Debug|Any CPU
		{E9C822AC-CA92-4BAD-878B-F81FBDC9CCA4}.Debug|x86.ActiveCfg = Debug|Any CPU
		{E9C822AC-CA92-4BAD-878B-F81FBDC9CCA4}.Debug|x86.Build.0 = Debug|Any CPU
		{E9C822AC-CA92-4BAD-878B-F81FBDC9CCA4}.Release|Any CPU.ActiveCfg = Release|Any CPU
		{E9C822AC-CA92-4BAD-878B-F81FBDC9CCA4}.Release|Any CPU.Build.0 = Release|Any CPU
		{E9C822AC-CA92-4BAD-878B-F81FBDC9CCA4}.Release|arm64.ActiveCfg = Release|Any CPU
		{E9C822AC-CA92-4BAD-878B-F81FBDC9CCA4}.Release|arm64.Build.0 = Release|Any CPU
		{E9C822AC-CA92-4BAD-878B-F81FBDC9CCA4}.Release|x64.ActiveCfg = Release|Any CPU
		{E9C822AC-CA92-4BAD-878B-F81FBDC9CCA4}.Release|x64.Build.0 = Release|Any CPU
		{E9C822AC-CA92-4BAD-878B-F81FBDC9CCA4}.Release|x86.ActiveCfg = Release|Any CPU
		{E9C822AC-CA92-4BAD-878B-F81FBDC9CCA4}.Release|x86.Build.0 = Release|Any CPU
		{8C3375F3-F0FC-4A68-84A8-60F888AD131B}.Debug|Any CPU.ActiveCfg = Debug|Any CPU
		{8C3375F3-F0FC-4A68-84A8-60F888AD131B}.Debug|Any CPU.Build.0 = Debug|Any CPU
		{8C3375F3-F0FC-4A68-84A8-60F888AD131B}.Debug|arm64.ActiveCfg = Debug|Any CPU
		{8C3375F3-F0FC-4A68-84A8-60F888AD131B}.Debug|arm64.Build.0 = Debug|Any CPU
		{8C3375F3-F0FC-4A68-84A8-60F888AD131B}.Debug|x64.ActiveCfg = Debug|Any CPU
		{8C3375F3-F0FC-4A68-84A8-60F888AD131B}.Debug|x64.Build.0 = Debug|Any CPU
		{8C3375F3-F0FC-4A68-84A8-60F888AD131B}.Debug|x86.ActiveCfg = Debug|Any CPU
		{8C3375F3-F0FC-4A68-84A8-60F888AD131B}.Debug|x86.Build.0 = Debug|Any CPU
		{8C3375F3-F0FC-4A68-84A8-60F888AD131B}.Release|Any CPU.ActiveCfg = Release|Any CPU
		{8C3375F3-F0FC-4A68-84A8-60F888AD131B}.Release|Any CPU.Build.0 = Release|Any CPU
		{8C3375F3-F0FC-4A68-84A8-60F888AD131B}.Release|arm64.ActiveCfg = Release|Any CPU
		{8C3375F3-F0FC-4A68-84A8-60F888AD131B}.Release|arm64.Build.0 = Release|Any CPU
		{8C3375F3-F0FC-4A68-84A8-60F888AD131B}.Release|x64.ActiveCfg = Release|Any CPU
		{8C3375F3-F0FC-4A68-84A8-60F888AD131B}.Release|x64.Build.0 = Release|Any CPU
		{8C3375F3-F0FC-4A68-84A8-60F888AD131B}.Release|x86.ActiveCfg = Release|Any CPU
		{8C3375F3-F0FC-4A68-84A8-60F888AD131B}.Release|x86.Build.0 = Release|Any CPU
		{F884BF5D-9AB4-40AF-9D6A-8D11F86A4B4A}.Debug|Any CPU.ActiveCfg = Debug|Any CPU
		{F884BF5D-9AB4-40AF-9D6A-8D11F86A4B4A}.Debug|Any CPU.Build.0 = Debug|Any CPU
		{F884BF5D-9AB4-40AF-9D6A-8D11F86A4B4A}.Debug|arm64.ActiveCfg = Debug|Any CPU
		{F884BF5D-9AB4-40AF-9D6A-8D11F86A4B4A}.Debug|arm64.Build.0 = Debug|Any CPU
		{F884BF5D-9AB4-40AF-9D6A-8D11F86A4B4A}.Debug|x64.ActiveCfg = Debug|Any CPU
		{F884BF5D-9AB4-40AF-9D6A-8D11F86A4B4A}.Debug|x64.Build.0 = Debug|Any CPU
		{F884BF5D-9AB4-40AF-9D6A-8D11F86A4B4A}.Debug|x86.ActiveCfg = Debug|Any CPU
		{F884BF5D-9AB4-40AF-9D6A-8D11F86A4B4A}.Debug|x86.Build.0 = Debug|Any CPU
		{F884BF5D-9AB4-40AF-9D6A-8D11F86A4B4A}.Release|Any CPU.ActiveCfg = Release|Any CPU
		{F884BF5D-9AB4-40AF-9D6A-8D11F86A4B4A}.Release|Any CPU.Build.0 = Release|Any CPU
		{F884BF5D-9AB4-40AF-9D6A-8D11F86A4B4A}.Release|arm64.ActiveCfg = Release|Any CPU
		{F884BF5D-9AB4-40AF-9D6A-8D11F86A4B4A}.Release|arm64.Build.0 = Release|Any CPU
		{F884BF5D-9AB4-40AF-9D6A-8D11F86A4B4A}.Release|x64.ActiveCfg = Release|Any CPU
		{F884BF5D-9AB4-40AF-9D6A-8D11F86A4B4A}.Release|x64.Build.0 = Release|Any CPU
		{F884BF5D-9AB4-40AF-9D6A-8D11F86A4B4A}.Release|x86.ActiveCfg = Release|Any CPU
		{F884BF5D-9AB4-40AF-9D6A-8D11F86A4B4A}.Release|x86.Build.0 = Release|Any CPU
		{5F0DE47F-41F6-474D-8999-76352A2FB434}.Debug|Any CPU.ActiveCfg = Debug|Any CPU
		{5F0DE47F-41F6-474D-8999-76352A2FB434}.Debug|Any CPU.Build.0 = Debug|Any CPU
		{5F0DE47F-41F6-474D-8999-76352A2FB434}.Debug|arm64.ActiveCfg = Debug|Any CPU
		{5F0DE47F-41F6-474D-8999-76352A2FB434}.Debug|arm64.Build.0 = Debug|Any CPU
		{5F0DE47F-41F6-474D-8999-76352A2FB434}.Debug|x64.ActiveCfg = Debug|Any CPU
		{5F0DE47F-41F6-474D-8999-76352A2FB434}.Debug|x64.Build.0 = Debug|Any CPU
		{5F0DE47F-41F6-474D-8999-76352A2FB434}.Debug|x86.ActiveCfg = Debug|Any CPU
		{5F0DE47F-41F6-474D-8999-76352A2FB434}.Debug|x86.Build.0 = Debug|Any CPU
		{5F0DE47F-41F6-474D-8999-76352A2FB434}.Release|Any CPU.ActiveCfg = Release|Any CPU
		{5F0DE47F-41F6-474D-8999-76352A2FB434}.Release|Any CPU.Build.0 = Release|Any CPU
		{5F0DE47F-41F6-474D-8999-76352A2FB434}.Release|arm64.ActiveCfg = Release|Any CPU
		{5F0DE47F-41F6-474D-8999-76352A2FB434}.Release|arm64.Build.0 = Release|Any CPU
		{5F0DE47F-41F6-474D-8999-76352A2FB434}.Release|x64.ActiveCfg = Release|Any CPU
		{5F0DE47F-41F6-474D-8999-76352A2FB434}.Release|x64.Build.0 = Release|Any CPU
		{5F0DE47F-41F6-474D-8999-76352A2FB434}.Release|x86.ActiveCfg = Release|Any CPU
		{5F0DE47F-41F6-474D-8999-76352A2FB434}.Release|x86.Build.0 = Release|Any CPU
		{5008F1D6-D6BE-49D5-A86E-AEE49CAA9C91}.Debug|Any CPU.ActiveCfg = Debug|Any CPU
		{5008F1D6-D6BE-49D5-A86E-AEE49CAA9C91}.Debug|Any CPU.Build.0 = Debug|Any CPU
		{5008F1D6-D6BE-49D5-A86E-AEE49CAA9C91}.Debug|arm64.ActiveCfg = Debug|Any CPU
		{5008F1D6-D6BE-49D5-A86E-AEE49CAA9C91}.Debug|arm64.Build.0 = Debug|Any CPU
		{5008F1D6-D6BE-49D5-A86E-AEE49CAA9C91}.Debug|x64.ActiveCfg = Debug|Any CPU
		{5008F1D6-D6BE-49D5-A86E-AEE49CAA9C91}.Debug|x64.Build.0 = Debug|Any CPU
		{5008F1D6-D6BE-49D5-A86E-AEE49CAA9C91}.Debug|x86.ActiveCfg = Debug|Any CPU
		{5008F1D6-D6BE-49D5-A86E-AEE49CAA9C91}.Debug|x86.Build.0 = Debug|Any CPU
		{5008F1D6-D6BE-49D5-A86E-AEE49CAA9C91}.Release|Any CPU.ActiveCfg = Release|Any CPU
		{5008F1D6-D6BE-49D5-A86E-AEE49CAA9C91}.Release|Any CPU.Build.0 = Release|Any CPU
		{5008F1D6-D6BE-49D5-A86E-AEE49CAA9C91}.Release|arm64.ActiveCfg = Release|Any CPU
		{5008F1D6-D6BE-49D5-A86E-AEE49CAA9C91}.Release|arm64.Build.0 = Release|Any CPU
		{5008F1D6-D6BE-49D5-A86E-AEE49CAA9C91}.Release|x64.ActiveCfg = Release|Any CPU
		{5008F1D6-D6BE-49D5-A86E-AEE49CAA9C91}.Release|x64.Build.0 = Release|Any CPU
		{5008F1D6-D6BE-49D5-A86E-AEE49CAA9C91}.Release|x86.ActiveCfg = Release|Any CPU
		{5008F1D6-D6BE-49D5-A86E-AEE49CAA9C91}.Release|x86.Build.0 = Release|Any CPU
		{5A837C2F-E133-46CE-B30E-29E941F70979}.Debug|Any CPU.ActiveCfg = Debug|Any CPU
		{5A837C2F-E133-46CE-B30E-29E941F70979}.Debug|Any CPU.Build.0 = Debug|Any CPU
		{5A837C2F-E133-46CE-B30E-29E941F70979}.Debug|arm64.ActiveCfg = Debug|Any CPU
		{5A837C2F-E133-46CE-B30E-29E941F70979}.Debug|arm64.Build.0 = Debug|Any CPU
		{5A837C2F-E133-46CE-B30E-29E941F70979}.Debug|x64.ActiveCfg = Debug|Any CPU
		{5A837C2F-E133-46CE-B30E-29E941F70979}.Debug|x64.Build.0 = Debug|Any CPU
		{5A837C2F-E133-46CE-B30E-29E941F70979}.Debug|x86.ActiveCfg = Debug|Any CPU
		{5A837C2F-E133-46CE-B30E-29E941F70979}.Debug|x86.Build.0 = Debug|Any CPU
		{5A837C2F-E133-46CE-B30E-29E941F70979}.Release|Any CPU.ActiveCfg = Release|Any CPU
		{5A837C2F-E133-46CE-B30E-29E941F70979}.Release|Any CPU.Build.0 = Release|Any CPU
		{5A837C2F-E133-46CE-B30E-29E941F70979}.Release|arm64.ActiveCfg = Release|Any CPU
		{5A837C2F-E133-46CE-B30E-29E941F70979}.Release|arm64.Build.0 = Release|Any CPU
		{5A837C2F-E133-46CE-B30E-29E941F70979}.Release|x64.ActiveCfg = Release|Any CPU
		{5A837C2F-E133-46CE-B30E-29E941F70979}.Release|x64.Build.0 = Release|Any CPU
		{5A837C2F-E133-46CE-B30E-29E941F70979}.Release|x86.ActiveCfg = Release|Any CPU
		{5A837C2F-E133-46CE-B30E-29E941F70979}.Release|x86.Build.0 = Release|Any CPU
		{2D0B25F7-B3A4-423F-9115-E9F854DAF252}.Debug|Any CPU.ActiveCfg = Debug|Any CPU
		{2D0B25F7-B3A4-423F-9115-E9F854DAF252}.Debug|Any CPU.Build.0 = Debug|Any CPU
		{2D0B25F7-B3A4-423F-9115-E9F854DAF252}.Debug|arm64.ActiveCfg = Debug|Any CPU
		{2D0B25F7-B3A4-423F-9115-E9F854DAF252}.Debug|arm64.Build.0 = Debug|Any CPU
		{2D0B25F7-B3A4-423F-9115-E9F854DAF252}.Debug|x64.ActiveCfg = Debug|Any CPU
		{2D0B25F7-B3A4-423F-9115-E9F854DAF252}.Debug|x64.Build.0 = Debug|Any CPU
		{2D0B25F7-B3A4-423F-9115-E9F854DAF252}.Debug|x86.ActiveCfg = Debug|Any CPU
		{2D0B25F7-B3A4-423F-9115-E9F854DAF252}.Debug|x86.Build.0 = Debug|Any CPU
		{2D0B25F7-B3A4-423F-9115-E9F854DAF252}.Release|Any CPU.ActiveCfg = Release|Any CPU
		{2D0B25F7-B3A4-423F-9115-E9F854DAF252}.Release|Any CPU.Build.0 = Release|Any CPU
		{2D0B25F7-B3A4-423F-9115-E9F854DAF252}.Release|arm64.ActiveCfg = Release|Any CPU
		{2D0B25F7-B3A4-423F-9115-E9F854DAF252}.Release|arm64.Build.0 = Release|Any CPU
		{2D0B25F7-B3A4-423F-9115-E9F854DAF252}.Release|x64.ActiveCfg = Release|Any CPU
		{2D0B25F7-B3A4-423F-9115-E9F854DAF252}.Release|x64.Build.0 = Release|Any CPU
		{2D0B25F7-B3A4-423F-9115-E9F854DAF252}.Release|x86.ActiveCfg = Release|Any CPU
		{2D0B25F7-B3A4-423F-9115-E9F854DAF252}.Release|x86.Build.0 = Release|Any CPU
		{949A463D-A30B-4996-B526-8BDCAE43858E}.Debug|Any CPU.ActiveCfg = Debug|Any CPU
		{949A463D-A30B-4996-B526-8BDCAE43858E}.Debug|Any CPU.Build.0 = Debug|Any CPU
		{949A463D-A30B-4996-B526-8BDCAE43858E}.Debug|arm64.ActiveCfg = Debug|Any CPU
		{949A463D-A30B-4996-B526-8BDCAE43858E}.Debug|arm64.Build.0 = Debug|Any CPU
		{949A463D-A30B-4996-B526-8BDCAE43858E}.Debug|x64.ActiveCfg = Debug|Any CPU
		{949A463D-A30B-4996-B526-8BDCAE43858E}.Debug|x64.Build.0 = Debug|Any CPU
		{949A463D-A30B-4996-B526-8BDCAE43858E}.Debug|x86.ActiveCfg = Debug|Any CPU
		{949A463D-A30B-4996-B526-8BDCAE43858E}.Debug|x86.Build.0 = Debug|Any CPU
		{949A463D-A30B-4996-B526-8BDCAE43858E}.Release|Any CPU.ActiveCfg = Release|Any CPU
		{949A463D-A30B-4996-B526-8BDCAE43858E}.Release|Any CPU.Build.0 = Release|Any CPU
		{949A463D-A30B-4996-B526-8BDCAE43858E}.Release|arm64.ActiveCfg = Release|Any CPU
		{949A463D-A30B-4996-B526-8BDCAE43858E}.Release|arm64.Build.0 = Release|Any CPU
		{949A463D-A30B-4996-B526-8BDCAE43858E}.Release|x64.ActiveCfg = Release|Any CPU
		{949A463D-A30B-4996-B526-8BDCAE43858E}.Release|x64.Build.0 = Release|Any CPU
		{949A463D-A30B-4996-B526-8BDCAE43858E}.Release|x86.ActiveCfg = Release|Any CPU
		{949A463D-A30B-4996-B526-8BDCAE43858E}.Release|x86.Build.0 = Release|Any CPU
		{ACD1C500-FF39-41C9-8FF7-600549D9443B}.Debug|Any CPU.ActiveCfg = Debug|Any CPU
		{ACD1C500-FF39-41C9-8FF7-600549D9443B}.Debug|Any CPU.Build.0 = Debug|Any CPU
		{ACD1C500-FF39-41C9-8FF7-600549D9443B}.Debug|arm64.ActiveCfg = Debug|Any CPU
		{ACD1C500-FF39-41C9-8FF7-600549D9443B}.Debug|arm64.Build.0 = Debug|Any CPU
		{ACD1C500-FF39-41C9-8FF7-600549D9443B}.Debug|x64.ActiveCfg = Debug|Any CPU
		{ACD1C500-FF39-41C9-8FF7-600549D9443B}.Debug|x64.Build.0 = Debug|Any CPU
		{ACD1C500-FF39-41C9-8FF7-600549D9443B}.Debug|x86.ActiveCfg = Debug|Any CPU
		{ACD1C500-FF39-41C9-8FF7-600549D9443B}.Debug|x86.Build.0 = Debug|Any CPU
		{ACD1C500-FF39-41C9-8FF7-600549D9443B}.Release|Any CPU.ActiveCfg = Release|Any CPU
		{ACD1C500-FF39-41C9-8FF7-600549D9443B}.Release|Any CPU.Build.0 = Release|Any CPU
		{ACD1C500-FF39-41C9-8FF7-600549D9443B}.Release|arm64.ActiveCfg = Release|Any CPU
		{ACD1C500-FF39-41C9-8FF7-600549D9443B}.Release|arm64.Build.0 = Release|Any CPU
		{ACD1C500-FF39-41C9-8FF7-600549D9443B}.Release|x64.ActiveCfg = Release|Any CPU
		{ACD1C500-FF39-41C9-8FF7-600549D9443B}.Release|x64.Build.0 = Release|Any CPU
		{ACD1C500-FF39-41C9-8FF7-600549D9443B}.Release|x86.ActiveCfg = Release|Any CPU
		{ACD1C500-FF39-41C9-8FF7-600549D9443B}.Release|x86.Build.0 = Release|Any CPU
		{BDEEA9CC-323E-4247-947D-B5DA504EF2B0}.Debug|Any CPU.ActiveCfg = Debug|Any CPU
		{BDEEA9CC-323E-4247-947D-B5DA504EF2B0}.Debug|Any CPU.Build.0 = Debug|Any CPU
		{BDEEA9CC-323E-4247-947D-B5DA504EF2B0}.Debug|arm64.ActiveCfg = Debug|Any CPU
		{BDEEA9CC-323E-4247-947D-B5DA504EF2B0}.Debug|arm64.Build.0 = Debug|Any CPU
		{BDEEA9CC-323E-4247-947D-B5DA504EF2B0}.Debug|x64.ActiveCfg = Debug|Any CPU
		{BDEEA9CC-323E-4247-947D-B5DA504EF2B0}.Debug|x64.Build.0 = Debug|Any CPU
		{BDEEA9CC-323E-4247-947D-B5DA504EF2B0}.Debug|x86.ActiveCfg = Debug|Any CPU
		{BDEEA9CC-323E-4247-947D-B5DA504EF2B0}.Debug|x86.Build.0 = Debug|Any CPU
		{BDEEA9CC-323E-4247-947D-B5DA504EF2B0}.Release|Any CPU.ActiveCfg = Release|Any CPU
		{BDEEA9CC-323E-4247-947D-B5DA504EF2B0}.Release|Any CPU.Build.0 = Release|Any CPU
		{BDEEA9CC-323E-4247-947D-B5DA504EF2B0}.Release|arm64.ActiveCfg = Release|Any CPU
		{BDEEA9CC-323E-4247-947D-B5DA504EF2B0}.Release|arm64.Build.0 = Release|Any CPU
		{BDEEA9CC-323E-4247-947D-B5DA504EF2B0}.Release|x64.ActiveCfg = Release|Any CPU
		{BDEEA9CC-323E-4247-947D-B5DA504EF2B0}.Release|x64.Build.0 = Release|Any CPU
		{BDEEA9CC-323E-4247-947D-B5DA504EF2B0}.Release|x86.ActiveCfg = Release|Any CPU
		{BDEEA9CC-323E-4247-947D-B5DA504EF2B0}.Release|x86.Build.0 = Release|Any CPU
		{54BF58D0-8966-4BDC-B473-82F53D09B7BA}.Debug|Any CPU.ActiveCfg = Debug|Any CPU
		{54BF58D0-8966-4BDC-B473-82F53D09B7BA}.Debug|Any CPU.Build.0 = Debug|Any CPU
		{54BF58D0-8966-4BDC-B473-82F53D09B7BA}.Debug|arm64.ActiveCfg = Debug|Any CPU
		{54BF58D0-8966-4BDC-B473-82F53D09B7BA}.Debug|arm64.Build.0 = Debug|Any CPU
		{54BF58D0-8966-4BDC-B473-82F53D09B7BA}.Debug|x64.ActiveCfg = Debug|Any CPU
		{54BF58D0-8966-4BDC-B473-82F53D09B7BA}.Debug|x64.Build.0 = Debug|Any CPU
		{54BF58D0-8966-4BDC-B473-82F53D09B7BA}.Debug|x86.ActiveCfg = Debug|Any CPU
		{54BF58D0-8966-4BDC-B473-82F53D09B7BA}.Debug|x86.Build.0 = Debug|Any CPU
		{54BF58D0-8966-4BDC-B473-82F53D09B7BA}.Release|Any CPU.ActiveCfg = Release|Any CPU
		{54BF58D0-8966-4BDC-B473-82F53D09B7BA}.Release|Any CPU.Build.0 = Release|Any CPU
		{54BF58D0-8966-4BDC-B473-82F53D09B7BA}.Release|arm64.ActiveCfg = Release|Any CPU
		{54BF58D0-8966-4BDC-B473-82F53D09B7BA}.Release|arm64.Build.0 = Release|Any CPU
		{54BF58D0-8966-4BDC-B473-82F53D09B7BA}.Release|x64.ActiveCfg = Release|Any CPU
		{54BF58D0-8966-4BDC-B473-82F53D09B7BA}.Release|x64.Build.0 = Release|Any CPU
		{54BF58D0-8966-4BDC-B473-82F53D09B7BA}.Release|x86.ActiveCfg = Release|Any CPU
		{54BF58D0-8966-4BDC-B473-82F53D09B7BA}.Release|x86.Build.0 = Release|Any CPU
		{A07F983B-3722-4794-BD7A-7E44ADE18373}.Debug|Any CPU.ActiveCfg = Debug|Any CPU
		{A07F983B-3722-4794-BD7A-7E44ADE18373}.Debug|Any CPU.Build.0 = Debug|Any CPU
		{A07F983B-3722-4794-BD7A-7E44ADE18373}.Debug|arm64.ActiveCfg = Debug|Any CPU
		{A07F983B-3722-4794-BD7A-7E44ADE18373}.Debug|arm64.Build.0 = Debug|Any CPU
		{A07F983B-3722-4794-BD7A-7E44ADE18373}.Debug|x64.ActiveCfg = Debug|x64
		{A07F983B-3722-4794-BD7A-7E44ADE18373}.Debug|x64.Build.0 = Debug|x64
		{A07F983B-3722-4794-BD7A-7E44ADE18373}.Debug|x86.ActiveCfg = Debug|Any CPU
		{A07F983B-3722-4794-BD7A-7E44ADE18373}.Debug|x86.Build.0 = Debug|Any CPU
		{A07F983B-3722-4794-BD7A-7E44ADE18373}.Release|Any CPU.ActiveCfg = Release|Any CPU
		{A07F983B-3722-4794-BD7A-7E44ADE18373}.Release|Any CPU.Build.0 = Release|Any CPU
		{A07F983B-3722-4794-BD7A-7E44ADE18373}.Release|arm64.ActiveCfg = Release|Any CPU
		{A07F983B-3722-4794-BD7A-7E44ADE18373}.Release|arm64.Build.0 = Release|Any CPU
		{A07F983B-3722-4794-BD7A-7E44ADE18373}.Release|x64.ActiveCfg = Release|Any CPU
		{A07F983B-3722-4794-BD7A-7E44ADE18373}.Release|x64.Build.0 = Release|Any CPU
		{A07F983B-3722-4794-BD7A-7E44ADE18373}.Release|x86.ActiveCfg = Release|Any CPU
		{A07F983B-3722-4794-BD7A-7E44ADE18373}.Release|x86.Build.0 = Release|Any CPU
		{6D601533-C855-47BD-8FE0-B0E22CEAD99E}.Debug|Any CPU.ActiveCfg = Debug|Any CPU
		{6D601533-C855-47BD-8FE0-B0E22CEAD99E}.Debug|Any CPU.Build.0 = Debug|Any CPU
		{6D601533-C855-47BD-8FE0-B0E22CEAD99E}.Debug|arm64.ActiveCfg = Debug|Any CPU
		{6D601533-C855-47BD-8FE0-B0E22CEAD99E}.Debug|arm64.Build.0 = Debug|Any CPU
		{6D601533-C855-47BD-8FE0-B0E22CEAD99E}.Debug|x64.ActiveCfg = Debug|Any CPU
		{6D601533-C855-47BD-8FE0-B0E22CEAD99E}.Debug|x64.Build.0 = Debug|Any CPU
		{6D601533-C855-47BD-8FE0-B0E22CEAD99E}.Debug|x86.ActiveCfg = Debug|Any CPU
		{6D601533-C855-47BD-8FE0-B0E22CEAD99E}.Debug|x86.Build.0 = Debug|Any CPU
		{6D601533-C855-47BD-8FE0-B0E22CEAD99E}.Release|Any CPU.ActiveCfg = Release|Any CPU
		{6D601533-C855-47BD-8FE0-B0E22CEAD99E}.Release|Any CPU.Build.0 = Release|Any CPU
		{6D601533-C855-47BD-8FE0-B0E22CEAD99E}.Release|arm64.ActiveCfg = Release|Any CPU
		{6D601533-C855-47BD-8FE0-B0E22CEAD99E}.Release|arm64.Build.0 = Release|Any CPU
		{6D601533-C855-47BD-8FE0-B0E22CEAD99E}.Release|x64.ActiveCfg = Release|Any CPU
		{6D601533-C855-47BD-8FE0-B0E22CEAD99E}.Release|x64.Build.0 = Release|Any CPU
		{6D601533-C855-47BD-8FE0-B0E22CEAD99E}.Release|x86.ActiveCfg = Release|Any CPU
		{6D601533-C855-47BD-8FE0-B0E22CEAD99E}.Release|x86.Build.0 = Release|Any CPU
		{B4F1AF23-AED0-4B5A-8032-1C4EF6C82505}.Debug|Any CPU.ActiveCfg = Debug|x64
		{B4F1AF23-AED0-4B5A-8032-1C4EF6C82505}.Debug|Any CPU.Build.0 = Debug|x64
		{B4F1AF23-AED0-4B5A-8032-1C4EF6C82505}.Debug|Any CPU.Deploy.0 = Debug|x64
		{B4F1AF23-AED0-4B5A-8032-1C4EF6C82505}.Debug|arm64.ActiveCfg = Debug|arm64
		{B4F1AF23-AED0-4B5A-8032-1C4EF6C82505}.Debug|arm64.Build.0 = Debug|arm64
		{B4F1AF23-AED0-4B5A-8032-1C4EF6C82505}.Debug|arm64.Deploy.0 = Debug|arm64
		{B4F1AF23-AED0-4B5A-8032-1C4EF6C82505}.Debug|x64.ActiveCfg = Debug|x64
		{B4F1AF23-AED0-4B5A-8032-1C4EF6C82505}.Debug|x64.Build.0 = Debug|x64
		{B4F1AF23-AED0-4B5A-8032-1C4EF6C82505}.Debug|x64.Deploy.0 = Debug|x64
		{B4F1AF23-AED0-4B5A-8032-1C4EF6C82505}.Debug|x86.ActiveCfg = Debug|x86
		{B4F1AF23-AED0-4B5A-8032-1C4EF6C82505}.Debug|x86.Build.0 = Debug|x86
		{B4F1AF23-AED0-4B5A-8032-1C4EF6C82505}.Debug|x86.Deploy.0 = Debug|x86
		{B4F1AF23-AED0-4B5A-8032-1C4EF6C82505}.Release|Any CPU.ActiveCfg = Release|x64
		{B4F1AF23-AED0-4B5A-8032-1C4EF6C82505}.Release|Any CPU.Build.0 = Release|x64
		{B4F1AF23-AED0-4B5A-8032-1C4EF6C82505}.Release|Any CPU.Deploy.0 = Release|x64
		{B4F1AF23-AED0-4B5A-8032-1C4EF6C82505}.Release|arm64.ActiveCfg = Release|arm64
		{B4F1AF23-AED0-4B5A-8032-1C4EF6C82505}.Release|arm64.Build.0 = Release|arm64
		{B4F1AF23-AED0-4B5A-8032-1C4EF6C82505}.Release|arm64.Deploy.0 = Release|arm64
		{B4F1AF23-AED0-4B5A-8032-1C4EF6C82505}.Release|x64.ActiveCfg = Release|x64
		{B4F1AF23-AED0-4B5A-8032-1C4EF6C82505}.Release|x64.Build.0 = Release|x64
		{B4F1AF23-AED0-4B5A-8032-1C4EF6C82505}.Release|x64.Deploy.0 = Release|x64
		{B4F1AF23-AED0-4B5A-8032-1C4EF6C82505}.Release|x86.ActiveCfg = Release|x86
		{B4F1AF23-AED0-4B5A-8032-1C4EF6C82505}.Release|x86.Build.0 = Release|x86
		{B4F1AF23-AED0-4B5A-8032-1C4EF6C82505}.Release|x86.Deploy.0 = Release|x86
		{9A3C1832-3E97-48E8-A835-2DCD745FDC4C}.Debug|Any CPU.ActiveCfg = Debug|Any CPU
		{9A3C1832-3E97-48E8-A835-2DCD745FDC4C}.Debug|Any CPU.Build.0 = Debug|Any CPU
		{9A3C1832-3E97-48E8-A835-2DCD745FDC4C}.Debug|arm64.ActiveCfg = Debug|Any CPU
		{9A3C1832-3E97-48E8-A835-2DCD745FDC4C}.Debug|arm64.Build.0 = Debug|Any CPU
		{9A3C1832-3E97-48E8-A835-2DCD745FDC4C}.Debug|x64.ActiveCfg = Debug|Any CPU
		{9A3C1832-3E97-48E8-A835-2DCD745FDC4C}.Debug|x64.Build.0 = Debug|Any CPU
		{9A3C1832-3E97-48E8-A835-2DCD745FDC4C}.Debug|x86.ActiveCfg = Debug|Any CPU
		{9A3C1832-3E97-48E8-A835-2DCD745FDC4C}.Debug|x86.Build.0 = Debug|Any CPU
		{9A3C1832-3E97-48E8-A835-2DCD745FDC4C}.Release|Any CPU.ActiveCfg = Release|Any CPU
		{9A3C1832-3E97-48E8-A835-2DCD745FDC4C}.Release|Any CPU.Build.0 = Release|Any CPU
		{9A3C1832-3E97-48E8-A835-2DCD745FDC4C}.Release|arm64.ActiveCfg = Release|Any CPU
		{9A3C1832-3E97-48E8-A835-2DCD745FDC4C}.Release|arm64.Build.0 = Release|Any CPU
		{9A3C1832-3E97-48E8-A835-2DCD745FDC4C}.Release|x64.ActiveCfg = Release|Any CPU
		{9A3C1832-3E97-48E8-A835-2DCD745FDC4C}.Release|x64.Build.0 = Release|Any CPU
		{9A3C1832-3E97-48E8-A835-2DCD745FDC4C}.Release|x86.ActiveCfg = Release|Any CPU
		{9A3C1832-3E97-48E8-A835-2DCD745FDC4C}.Release|x86.Build.0 = Release|Any CPU
		{70A817DC-B7B2-4419-AC5E-ACCA43BC04CF}.Debug|Any CPU.ActiveCfg = Debug|Any CPU
		{70A817DC-B7B2-4419-AC5E-ACCA43BC04CF}.Debug|Any CPU.Build.0 = Debug|Any CPU
		{70A817DC-B7B2-4419-AC5E-ACCA43BC04CF}.Debug|Any CPU.Deploy.0 = Debug|Any CPU
		{70A817DC-B7B2-4419-AC5E-ACCA43BC04CF}.Debug|arm64.ActiveCfg = Debug|arm64
		{70A817DC-B7B2-4419-AC5E-ACCA43BC04CF}.Debug|arm64.Build.0 = Debug|arm64
		{70A817DC-B7B2-4419-AC5E-ACCA43BC04CF}.Debug|x64.ActiveCfg = Debug|x64
		{70A817DC-B7B2-4419-AC5E-ACCA43BC04CF}.Debug|x64.Build.0 = Debug|x64
		{70A817DC-B7B2-4419-AC5E-ACCA43BC04CF}.Debug|x86.ActiveCfg = Debug|x86
		{70A817DC-B7B2-4419-AC5E-ACCA43BC04CF}.Debug|x86.Build.0 = Debug|x86
		{70A817DC-B7B2-4419-AC5E-ACCA43BC04CF}.Release|Any CPU.ActiveCfg = Release|x64
		{70A817DC-B7B2-4419-AC5E-ACCA43BC04CF}.Release|Any CPU.Build.0 = Release|x64
		{70A817DC-B7B2-4419-AC5E-ACCA43BC04CF}.Release|arm64.ActiveCfg = Release|arm64
		{70A817DC-B7B2-4419-AC5E-ACCA43BC04CF}.Release|arm64.Build.0 = Release|arm64
		{70A817DC-B7B2-4419-AC5E-ACCA43BC04CF}.Release|x64.ActiveCfg = Release|x64
		{70A817DC-B7B2-4419-AC5E-ACCA43BC04CF}.Release|x64.Build.0 = Release|x64
		{70A817DC-B7B2-4419-AC5E-ACCA43BC04CF}.Release|x86.ActiveCfg = Release|x86
		{70A817DC-B7B2-4419-AC5E-ACCA43BC04CF}.Release|x86.Build.0 = Release|x86
		{D0B2E649-7365-4C16-8025-107D507A32D5}.Debug|Any CPU.ActiveCfg = Debug|Any CPU
		{D0B2E649-7365-4C16-8025-107D507A32D5}.Debug|Any CPU.Build.0 = Debug|Any CPU
		{D0B2E649-7365-4C16-8025-107D507A32D5}.Debug|arm64.ActiveCfg = Debug|Any CPU
		{D0B2E649-7365-4C16-8025-107D507A32D5}.Debug|arm64.Build.0 = Debug|Any CPU
		{D0B2E649-7365-4C16-8025-107D507A32D5}.Debug|x64.ActiveCfg = Debug|Any CPU
		{D0B2E649-7365-4C16-8025-107D507A32D5}.Debug|x64.Build.0 = Debug|Any CPU
		{D0B2E649-7365-4C16-8025-107D507A32D5}.Debug|x86.ActiveCfg = Debug|Any CPU
		{D0B2E649-7365-4C16-8025-107D507A32D5}.Debug|x86.Build.0 = Debug|Any CPU
		{D0B2E649-7365-4C16-8025-107D507A32D5}.Release|Any CPU.ActiveCfg = Release|Any CPU
		{D0B2E649-7365-4C16-8025-107D507A32D5}.Release|Any CPU.Build.0 = Release|Any CPU
		{D0B2E649-7365-4C16-8025-107D507A32D5}.Release|arm64.ActiveCfg = Release|Any CPU
		{D0B2E649-7365-4C16-8025-107D507A32D5}.Release|arm64.Build.0 = Release|Any CPU
		{D0B2E649-7365-4C16-8025-107D507A32D5}.Release|x64.ActiveCfg = Release|Any CPU
		{D0B2E649-7365-4C16-8025-107D507A32D5}.Release|x64.Build.0 = Release|Any CPU
		{D0B2E649-7365-4C16-8025-107D507A32D5}.Release|x86.ActiveCfg = Release|Any CPU
		{D0B2E649-7365-4C16-8025-107D507A32D5}.Release|x86.Build.0 = Release|Any CPU
		{946596C6-4C6B-4FCD-81E9-B7F4BDBB1B9E}.Debug|Any CPU.ActiveCfg = Debug|Any CPU
		{946596C6-4C6B-4FCD-81E9-B7F4BDBB1B9E}.Debug|Any CPU.Build.0 = Debug|Any CPU
		{946596C6-4C6B-4FCD-81E9-B7F4BDBB1B9E}.Debug|arm64.ActiveCfg = Debug|Any CPU
		{946596C6-4C6B-4FCD-81E9-B7F4BDBB1B9E}.Debug|arm64.Build.0 = Debug|Any CPU
		{946596C6-4C6B-4FCD-81E9-B7F4BDBB1B9E}.Debug|x64.ActiveCfg = Debug|Any CPU
		{946596C6-4C6B-4FCD-81E9-B7F4BDBB1B9E}.Debug|x64.Build.0 = Debug|Any CPU
		{946596C6-4C6B-4FCD-81E9-B7F4BDBB1B9E}.Debug|x86.ActiveCfg = Debug|Any CPU
		{946596C6-4C6B-4FCD-81E9-B7F4BDBB1B9E}.Debug|x86.Build.0 = Debug|Any CPU
		{946596C6-4C6B-4FCD-81E9-B7F4BDBB1B9E}.Release|Any CPU.ActiveCfg = Release|Any CPU
		{946596C6-4C6B-4FCD-81E9-B7F4BDBB1B9E}.Release|Any CPU.Build.0 = Release|Any CPU
		{946596C6-4C6B-4FCD-81E9-B7F4BDBB1B9E}.Release|arm64.ActiveCfg = Release|Any CPU
		{946596C6-4C6B-4FCD-81E9-B7F4BDBB1B9E}.Release|arm64.Build.0 = Release|Any CPU
		{946596C6-4C6B-4FCD-81E9-B7F4BDBB1B9E}.Release|x64.ActiveCfg = Release|Any CPU
		{946596C6-4C6B-4FCD-81E9-B7F4BDBB1B9E}.Release|x64.Build.0 = Release|Any CPU
		{946596C6-4C6B-4FCD-81E9-B7F4BDBB1B9E}.Release|x86.ActiveCfg = Release|Any CPU
		{946596C6-4C6B-4FCD-81E9-B7F4BDBB1B9E}.Release|x86.Build.0 = Release|Any CPU
		{F8D89726-71BE-4A28-9E4E-F4DA4D61B63D}.Debug|Any CPU.ActiveCfg = Debug|Any CPU
		{F8D89726-71BE-4A28-9E4E-F4DA4D61B63D}.Debug|Any CPU.Build.0 = Debug|Any CPU
		{F8D89726-71BE-4A28-9E4E-F4DA4D61B63D}.Debug|arm64.ActiveCfg = Debug|Any CPU
		{F8D89726-71BE-4A28-9E4E-F4DA4D61B63D}.Debug|arm64.Build.0 = Debug|Any CPU
		{F8D89726-71BE-4A28-9E4E-F4DA4D61B63D}.Debug|x64.ActiveCfg = Debug|Any CPU
		{F8D89726-71BE-4A28-9E4E-F4DA4D61B63D}.Debug|x64.Build.0 = Debug|Any CPU
		{F8D89726-71BE-4A28-9E4E-F4DA4D61B63D}.Debug|x86.ActiveCfg = Debug|Any CPU
		{F8D89726-71BE-4A28-9E4E-F4DA4D61B63D}.Debug|x86.Build.0 = Debug|Any CPU
		{F8D89726-71BE-4A28-9E4E-F4DA4D61B63D}.Release|Any CPU.ActiveCfg = Release|Any CPU
		{F8D89726-71BE-4A28-9E4E-F4DA4D61B63D}.Release|Any CPU.Build.0 = Release|Any CPU
		{F8D89726-71BE-4A28-9E4E-F4DA4D61B63D}.Release|arm64.ActiveCfg = Release|Any CPU
		{F8D89726-71BE-4A28-9E4E-F4DA4D61B63D}.Release|arm64.Build.0 = Release|Any CPU
		{F8D89726-71BE-4A28-9E4E-F4DA4D61B63D}.Release|x64.ActiveCfg = Release|Any CPU
		{F8D89726-71BE-4A28-9E4E-F4DA4D61B63D}.Release|x64.Build.0 = Release|Any CPU
		{F8D89726-71BE-4A28-9E4E-F4DA4D61B63D}.Release|x86.ActiveCfg = Release|Any CPU
		{F8D89726-71BE-4A28-9E4E-F4DA4D61B63D}.Release|x86.Build.0 = Release|Any CPU
		{0FC666F7-1C50-4174-B438-3763EF7FADB8}.Debug|Any CPU.ActiveCfg = Debug|Any CPU
		{0FC666F7-1C50-4174-B438-3763EF7FADB8}.Debug|Any CPU.Build.0 = Debug|Any CPU
		{0FC666F7-1C50-4174-B438-3763EF7FADB8}.Debug|arm64.ActiveCfg = Debug|Any CPU
		{0FC666F7-1C50-4174-B438-3763EF7FADB8}.Debug|arm64.Build.0 = Debug|Any CPU
		{0FC666F7-1C50-4174-B438-3763EF7FADB8}.Debug|x64.ActiveCfg = Debug|Any CPU
		{0FC666F7-1C50-4174-B438-3763EF7FADB8}.Debug|x64.Build.0 = Debug|Any CPU
		{0FC666F7-1C50-4174-B438-3763EF7FADB8}.Debug|x86.ActiveCfg = Debug|Any CPU
		{0FC666F7-1C50-4174-B438-3763EF7FADB8}.Debug|x86.Build.0 = Debug|Any CPU
		{0FC666F7-1C50-4174-B438-3763EF7FADB8}.Release|Any CPU.ActiveCfg = Release|Any CPU
		{0FC666F7-1C50-4174-B438-3763EF7FADB8}.Release|Any CPU.Build.0 = Release|Any CPU
		{0FC666F7-1C50-4174-B438-3763EF7FADB8}.Release|arm64.ActiveCfg = Release|Any CPU
		{0FC666F7-1C50-4174-B438-3763EF7FADB8}.Release|arm64.Build.0 = Release|Any CPU
		{0FC666F7-1C50-4174-B438-3763EF7FADB8}.Release|x64.ActiveCfg = Release|Any CPU
		{0FC666F7-1C50-4174-B438-3763EF7FADB8}.Release|x64.Build.0 = Release|Any CPU
		{0FC666F7-1C50-4174-B438-3763EF7FADB8}.Release|x86.ActiveCfg = Release|Any CPU
		{0FC666F7-1C50-4174-B438-3763EF7FADB8}.Release|x86.Build.0 = Release|Any CPU
		{5D5C64E2-1930-4206-AB11-15438C4D1735}.Debug|Any CPU.ActiveCfg = Debug|Any CPU
		{5D5C64E2-1930-4206-AB11-15438C4D1735}.Debug|Any CPU.Build.0 = Debug|Any CPU
		{5D5C64E2-1930-4206-AB11-15438C4D1735}.Debug|arm64.ActiveCfg = Debug|Any CPU
		{5D5C64E2-1930-4206-AB11-15438C4D1735}.Debug|arm64.Build.0 = Debug|Any CPU
		{5D5C64E2-1930-4206-AB11-15438C4D1735}.Debug|x64.ActiveCfg = Debug|Any CPU
		{5D5C64E2-1930-4206-AB11-15438C4D1735}.Debug|x64.Build.0 = Debug|Any CPU
		{5D5C64E2-1930-4206-AB11-15438C4D1735}.Debug|x86.ActiveCfg = Debug|Any CPU
		{5D5C64E2-1930-4206-AB11-15438C4D1735}.Debug|x86.Build.0 = Debug|Any CPU
		{5D5C64E2-1930-4206-AB11-15438C4D1735}.Release|Any CPU.ActiveCfg = Release|Any CPU
		{5D5C64E2-1930-4206-AB11-15438C4D1735}.Release|Any CPU.Build.0 = Release|Any CPU
		{5D5C64E2-1930-4206-AB11-15438C4D1735}.Release|arm64.ActiveCfg = Release|Any CPU
		{5D5C64E2-1930-4206-AB11-15438C4D1735}.Release|arm64.Build.0 = Release|Any CPU
		{5D5C64E2-1930-4206-AB11-15438C4D1735}.Release|x64.ActiveCfg = Release|Any CPU
		{5D5C64E2-1930-4206-AB11-15438C4D1735}.Release|x64.Build.0 = Release|Any CPU
		{5D5C64E2-1930-4206-AB11-15438C4D1735}.Release|x86.ActiveCfg = Release|Any CPU
		{5D5C64E2-1930-4206-AB11-15438C4D1735}.Release|x86.Build.0 = Release|Any CPU
		{E9A38FBF-EBC2-4DDD-BCC6-B361731F1E76}.Debug|Any CPU.ActiveCfg = Debug|Any CPU
		{E9A38FBF-EBC2-4DDD-BCC6-B361731F1E76}.Debug|Any CPU.Build.0 = Debug|Any CPU
		{E9A38FBF-EBC2-4DDD-BCC6-B361731F1E76}.Debug|arm64.ActiveCfg = Debug|Any CPU
		{E9A38FBF-EBC2-4DDD-BCC6-B361731F1E76}.Debug|arm64.Build.0 = Debug|Any CPU
		{E9A38FBF-EBC2-4DDD-BCC6-B361731F1E76}.Debug|x64.ActiveCfg = Debug|Any CPU
		{E9A38FBF-EBC2-4DDD-BCC6-B361731F1E76}.Debug|x64.Build.0 = Debug|Any CPU
		{E9A38FBF-EBC2-4DDD-BCC6-B361731F1E76}.Debug|x86.ActiveCfg = Debug|Any CPU
		{E9A38FBF-EBC2-4DDD-BCC6-B361731F1E76}.Debug|x86.Build.0 = Debug|Any CPU
		{E9A38FBF-EBC2-4DDD-BCC6-B361731F1E76}.Release|Any CPU.ActiveCfg = Release|Any CPU
		{E9A38FBF-EBC2-4DDD-BCC6-B361731F1E76}.Release|Any CPU.Build.0 = Release|Any CPU
		{E9A38FBF-EBC2-4DDD-BCC6-B361731F1E76}.Release|arm64.ActiveCfg = Release|Any CPU
		{E9A38FBF-EBC2-4DDD-BCC6-B361731F1E76}.Release|arm64.Build.0 = Release|Any CPU
		{E9A38FBF-EBC2-4DDD-BCC6-B361731F1E76}.Release|x64.ActiveCfg = Release|Any CPU
		{E9A38FBF-EBC2-4DDD-BCC6-B361731F1E76}.Release|x64.Build.0 = Release|Any CPU
		{E9A38FBF-EBC2-4DDD-BCC6-B361731F1E76}.Release|x86.ActiveCfg = Release|Any CPU
		{E9A38FBF-EBC2-4DDD-BCC6-B361731F1E76}.Release|x86.Build.0 = Release|Any CPU
		{B924575F-4181-451A-81DB-FFA7AA9FC194}.Debug|Any CPU.ActiveCfg = Debug|Any CPU
		{B924575F-4181-451A-81DB-FFA7AA9FC194}.Debug|Any CPU.Build.0 = Debug|Any CPU
		{B924575F-4181-451A-81DB-FFA7AA9FC194}.Debug|arm64.ActiveCfg = Debug|Any CPU
		{B924575F-4181-451A-81DB-FFA7AA9FC194}.Debug|arm64.Build.0 = Debug|Any CPU
		{B924575F-4181-451A-81DB-FFA7AA9FC194}.Debug|x64.ActiveCfg = Debug|Any CPU
		{B924575F-4181-451A-81DB-FFA7AA9FC194}.Debug|x64.Build.0 = Debug|Any CPU
		{B924575F-4181-451A-81DB-FFA7AA9FC194}.Debug|x86.ActiveCfg = Debug|Any CPU
		{B924575F-4181-451A-81DB-FFA7AA9FC194}.Debug|x86.Build.0 = Debug|Any CPU
		{B924575F-4181-451A-81DB-FFA7AA9FC194}.Release|Any CPU.ActiveCfg = Release|Any CPU
		{B924575F-4181-451A-81DB-FFA7AA9FC194}.Release|Any CPU.Build.0 = Release|Any CPU
		{B924575F-4181-451A-81DB-FFA7AA9FC194}.Release|arm64.ActiveCfg = Release|Any CPU
		{B924575F-4181-451A-81DB-FFA7AA9FC194}.Release|arm64.Build.0 = Release|Any CPU
		{B924575F-4181-451A-81DB-FFA7AA9FC194}.Release|x64.ActiveCfg = Release|Any CPU
		{B924575F-4181-451A-81DB-FFA7AA9FC194}.Release|x64.Build.0 = Release|Any CPU
		{B924575F-4181-451A-81DB-FFA7AA9FC194}.Release|x86.ActiveCfg = Release|Any CPU
		{B924575F-4181-451A-81DB-FFA7AA9FC194}.Release|x86.Build.0 = Release|Any CPU
		{71B412D9-C88A-42D7-BF7C-43E79600F1C4}.Debug|Any CPU.ActiveCfg = Debug|Any CPU
		{71B412D9-C88A-42D7-BF7C-43E79600F1C4}.Debug|Any CPU.Build.0 = Debug|Any CPU
		{71B412D9-C88A-42D7-BF7C-43E79600F1C4}.Debug|arm64.ActiveCfg = Debug|Any CPU
		{71B412D9-C88A-42D7-BF7C-43E79600F1C4}.Debug|arm64.Build.0 = Debug|Any CPU
		{71B412D9-C88A-42D7-BF7C-43E79600F1C4}.Debug|x64.ActiveCfg = Debug|Any CPU
		{71B412D9-C88A-42D7-BF7C-43E79600F1C4}.Debug|x64.Build.0 = Debug|Any CPU
		{71B412D9-C88A-42D7-BF7C-43E79600F1C4}.Debug|x86.ActiveCfg = Debug|Any CPU
		{71B412D9-C88A-42D7-BF7C-43E79600F1C4}.Debug|x86.Build.0 = Debug|Any CPU
		{71B412D9-C88A-42D7-BF7C-43E79600F1C4}.Release|Any CPU.ActiveCfg = Release|Any CPU
		{71B412D9-C88A-42D7-BF7C-43E79600F1C4}.Release|Any CPU.Build.0 = Release|Any CPU
		{71B412D9-C88A-42D7-BF7C-43E79600F1C4}.Release|arm64.ActiveCfg = Release|Any CPU
		{71B412D9-C88A-42D7-BF7C-43E79600F1C4}.Release|arm64.Build.0 = Release|Any CPU
		{71B412D9-C88A-42D7-BF7C-43E79600F1C4}.Release|x64.ActiveCfg = Release|Any CPU
		{71B412D9-C88A-42D7-BF7C-43E79600F1C4}.Release|x64.Build.0 = Release|Any CPU
		{71B412D9-C88A-42D7-BF7C-43E79600F1C4}.Release|x86.ActiveCfg = Release|Any CPU
		{71B412D9-C88A-42D7-BF7C-43E79600F1C4}.Release|x86.Build.0 = Release|Any CPU
		{E5F03A61-CCB3-4CA2-B8B4-43ABCBA618E6}.Debug|Any CPU.ActiveCfg = Debug|Any CPU
		{E5F03A61-CCB3-4CA2-B8B4-43ABCBA618E6}.Debug|Any CPU.Build.0 = Debug|Any CPU
		{E5F03A61-CCB3-4CA2-B8B4-43ABCBA618E6}.Debug|arm64.ActiveCfg = Debug|Any CPU
		{E5F03A61-CCB3-4CA2-B8B4-43ABCBA618E6}.Debug|arm64.Build.0 = Debug|Any CPU
		{E5F03A61-CCB3-4CA2-B8B4-43ABCBA618E6}.Debug|x64.ActiveCfg = Debug|Any CPU
		{E5F03A61-CCB3-4CA2-B8B4-43ABCBA618E6}.Debug|x64.Build.0 = Debug|Any CPU
		{E5F03A61-CCB3-4CA2-B8B4-43ABCBA618E6}.Debug|x86.ActiveCfg = Debug|Any CPU
		{E5F03A61-CCB3-4CA2-B8B4-43ABCBA618E6}.Debug|x86.Build.0 = Debug|Any CPU
		{E5F03A61-CCB3-4CA2-B8B4-43ABCBA618E6}.Release|Any CPU.ActiveCfg = Release|Any CPU
		{E5F03A61-CCB3-4CA2-B8B4-43ABCBA618E6}.Release|Any CPU.Build.0 = Release|Any CPU
		{E5F03A61-CCB3-4CA2-B8B4-43ABCBA618E6}.Release|arm64.ActiveCfg = Release|Any CPU
		{E5F03A61-CCB3-4CA2-B8B4-43ABCBA618E6}.Release|arm64.Build.0 = Release|Any CPU
		{E5F03A61-CCB3-4CA2-B8B4-43ABCBA618E6}.Release|x64.ActiveCfg = Release|Any CPU
		{E5F03A61-CCB3-4CA2-B8B4-43ABCBA618E6}.Release|x64.Build.0 = Release|Any CPU
		{E5F03A61-CCB3-4CA2-B8B4-43ABCBA618E6}.Release|x86.ActiveCfg = Release|Any CPU
		{E5F03A61-CCB3-4CA2-B8B4-43ABCBA618E6}.Release|x86.Build.0 = Release|Any CPU
		{B850E774-2C4B-4AF0-889D-C12614B354D7}.Debug|Any CPU.ActiveCfg = Debug|Any CPU
		{B850E774-2C4B-4AF0-889D-C12614B354D7}.Debug|Any CPU.Build.0 = Debug|Any CPU
		{B850E774-2C4B-4AF0-889D-C12614B354D7}.Debug|arm64.ActiveCfg = Debug|Any CPU
		{B850E774-2C4B-4AF0-889D-C12614B354D7}.Debug|arm64.Build.0 = Debug|Any CPU
		{B850E774-2C4B-4AF0-889D-C12614B354D7}.Debug|x64.ActiveCfg = Debug|Any CPU
		{B850E774-2C4B-4AF0-889D-C12614B354D7}.Debug|x64.Build.0 = Debug|Any CPU
		{B850E774-2C4B-4AF0-889D-C12614B354D7}.Debug|x86.ActiveCfg = Debug|Any CPU
		{B850E774-2C4B-4AF0-889D-C12614B354D7}.Debug|x86.Build.0 = Debug|Any CPU
		{B850E774-2C4B-4AF0-889D-C12614B354D7}.Release|Any CPU.ActiveCfg = Release|Any CPU
		{B850E774-2C4B-4AF0-889D-C12614B354D7}.Release|Any CPU.Build.0 = Release|Any CPU
		{B850E774-2C4B-4AF0-889D-C12614B354D7}.Release|arm64.ActiveCfg = Release|Any CPU
		{B850E774-2C4B-4AF0-889D-C12614B354D7}.Release|arm64.Build.0 = Release|Any CPU
		{B850E774-2C4B-4AF0-889D-C12614B354D7}.Release|x64.ActiveCfg = Release|Any CPU
		{B850E774-2C4B-4AF0-889D-C12614B354D7}.Release|x64.Build.0 = Release|Any CPU
		{B850E774-2C4B-4AF0-889D-C12614B354D7}.Release|x86.ActiveCfg = Release|Any CPU
		{B850E774-2C4B-4AF0-889D-C12614B354D7}.Release|x86.Build.0 = Release|Any CPU
	EndGlobalSection
	GlobalSection(SolutionProperties) = preSolution
		HideSolutionNode = FALSE
	EndGlobalSection
	GlobalSection(NestedProjects) = preSolution
		{17625D2F-EBBD-4879-9390-5E1E4494D43A} = {975AF992-8235-4474-ACC8-BB2D2A9E244B}
		{D7B45187-4624-48EC-8F01-EA044947F928} = {17625D2F-EBBD-4879-9390-5E1E4494D43A}
		{5D4BCC1A-6574-468B-9B3E-F45FFE05A642} = {975AF992-8235-4474-ACC8-BB2D2A9E244B}
		{00AC5399-C198-4E47-BAEB-55519FD50091} = {5D4BCC1A-6574-468B-9B3E-F45FFE05A642}
		{900D9E5D-986A-498A-AE33-D974E6219467} = {5D4BCC1A-6574-468B-9B3E-F45FFE05A642}
		{DCBA344C-AA3C-4AFC-B325-071331E25F3A} = {00AC5399-C198-4E47-BAEB-55519FD50091}
		{665B9BEB-3EB0-4C39-A8A9-8B992CA34229} = {00AC5399-C198-4E47-BAEB-55519FD50091}
		{F352512F-46A6-4667-B647-72574F0F2BA2} = {00AC5399-C198-4E47-BAEB-55519FD50091}
		{44A75220-7D56-4022-B160-FE3F185C6B00} = {00AC5399-C198-4E47-BAEB-55519FD50091}
		{7CCCC7E3-0981-43FB-8FA6-9FA72F4B1C04} = {900D9E5D-986A-498A-AE33-D974E6219467}
		{6677A0AB-BE32-49EC-89B0-7AB9D3566613} = {900D9E5D-986A-498A-AE33-D974E6219467}
		{FD732D6A-82C3-47B1-B132-4959B3613122} = {900D9E5D-986A-498A-AE33-D974E6219467}
		{017797A2-EB92-40C2-9CD6-3741F4E5F8D7} = {900D9E5D-986A-498A-AE33-D974E6219467}
		{71C5E393-621A-48FF-ADF4-0D166BE7BC17} = {975AF992-8235-4474-ACC8-BB2D2A9E244B}
		{78500DDD-A93A-420A-AAF2-0111FA9E1623} = {71C5E393-621A-48FF-ADF4-0D166BE7BC17}
		{59D638C4-B812-4C41-988B-1D2404A7CD3E} = {975AF992-8235-4474-ACC8-BB2D2A9E244B}
		{D20B7269-37D7-4077-9CE9-DE9BD9B8AD70} = {59D638C4-B812-4C41-988B-1D2404A7CD3E}
		{D7B69A69-B075-43AE-AB2D-18D55AEA3678} = {975AF992-8235-4474-ACC8-BB2D2A9E244B}
		{BCD392AF-60DE-4696-A92A-A4B874BC253D} = {D7B69A69-B075-43AE-AB2D-18D55AEA3678}
		{E9C822AC-CA92-4BAD-878B-F81FBDC9CCA4} = {3B5B84BC-77A3-4B15-A4BA-9F41E465A282}
		{A138CE6E-3CD5-4078-89CE-1EA4981AED76} = {975AF992-8235-4474-ACC8-BB2D2A9E244B}
		{8C3375F3-F0FC-4A68-84A8-60F888AD131B} = {1679CD6A-3073-4839-B077-2E122489BD4B}
		{F884BF5D-9AB4-40AF-9D6A-8D11F86A4B4A} = {1679CD6A-3073-4839-B077-2E122489BD4B}
		{5F0DE47F-41F6-474D-8999-76352A2FB434} = {A138CE6E-3CD5-4078-89CE-1EA4981AED76}
		{5008F1D6-D6BE-49D5-A86E-AEE49CAA9C91} = {3B5B84BC-77A3-4B15-A4BA-9F41E465A282}
		{5A837C2F-E133-46CE-B30E-29E941F70979} = {3B5B84BC-77A3-4B15-A4BA-9F41E465A282}
		{ACD1C500-FF39-41C9-8FF7-600549D9443B} = {3B5B84BC-77A3-4B15-A4BA-9F41E465A282}
		{BDEEA9CC-323E-4247-947D-B5DA504EF2B0} = {3B5B84BC-77A3-4B15-A4BA-9F41E465A282}
		{A07F983B-3722-4794-BD7A-7E44ADE18373} = {3B5B84BC-77A3-4B15-A4BA-9F41E465A282}
		{9A3C1832-3E97-48E8-A835-2DCD745FDC4C} = {3B5B84BC-77A3-4B15-A4BA-9F41E465A282}
		{70A817DC-B7B2-4419-AC5E-ACCA43BC04CF} = {B9DE591A-6D33-4343-95EB-FC6B3AAEBA2E}
		{D0B2E649-7365-4C16-8025-107D507A32D5} = {3B5B84BC-77A3-4B15-A4BA-9F41E465A282}
		{946596C6-4C6B-4FCD-81E9-B7F4BDBB1B9E} = {7C9E9F16-C3C3-4C43-82DC-E456B42C6943}
		{F8D89726-71BE-4A28-9E4E-F4DA4D61B63D} = {7C9E9F16-C3C3-4C43-82DC-E456B42C6943}
		{0FC666F7-1C50-4174-B438-3763EF7FADB8} = {7C9E9F16-C3C3-4C43-82DC-E456B42C6943}
		{5D5C64E2-1930-4206-AB11-15438C4D1735} = {3B5B84BC-77A3-4B15-A4BA-9F41E465A282}
		{B924575F-4181-451A-81DB-FFA7AA9FC194} = {3B5B84BC-77A3-4B15-A4BA-9F41E465A282}
		{71B412D9-C88A-42D7-BF7C-43E79600F1C4} = {3B5B84BC-77A3-4B15-A4BA-9F41E465A282}
	EndGlobalSection
	GlobalSection(ExtensibilityGlobals) = postSolution
		SolutionGuid = {F28AB9AC-2191-49A1-AFC9-9C79CCDDD84C}
	EndGlobalSection
EndGlobal
