
Microsoft Visual Studio Solution File, Format Version 12.00
# Visual Studio Version 17
VisualStudioVersion = 17.1.32203.90
MinimumVisualStudioVersion = 10.0.40219.1
Project("{FAE04EC0-301F-11D3-BF4B-00C04F79EFBC}") = "No1.GenericTypeAllowNull", "No1.GenericTypeAllowNull\No1.GenericTypeAllowNull.csproj", "{1F7F35D1-F5CE-4092-97C8-546E80A6C14C}"
EndProject
Global
	GlobalSection(SolutionConfigurationPlatforms) = preSolution
		Debug|Any CPU = Debug|Any CPU
		Release|Any CPU = Release|Any CPU
	EndGlobalSection
	GlobalSection(ProjectConfigurationPlatforms) = postSolution
		{1F7F35D1-F5CE-4092-97C8-546E80A6C14C}.Debug|Any CPU.ActiveCfg = Debug|Any CPU
		{1F7F35D1-F5CE-4092-97C8-546E80A6C14C}.Debug|Any CPU.Build.0 = Debug|Any CPU
		{1F7F35D1-F5CE-4092-97C8-546E80A6C14C}.Release|Any CPU.ActiveCfg = Release|Any CPU
		{1F7F35D1-F5CE-4092-97C8-546E80A6C14C}.Release|Any CPU.Build.0 = Release|Any CPU
	EndGlobalSection
	GlobalSection(SolutionProperties) = preSolution
		HideSolutionNode = FALSE
	EndGlobalSection
	GlobalSection(ExtensibilityGlobals) = postSolution
		SolutionGuid = {F28AB9AC-2191-49A1-AFC9-9C79CCDDD84C}
	EndGlobalSection
EndGlobal
